
Microsoft Visual Studio Solution File, Format Version 12.00
# Visual Studio 15
VisualStudioVersion = 15.0.28307.136
MinimumVisualStudioVersion = 10.0.40219.1
Project("{2150E333-8FDC-42A3-9474-1A3956D46DE8}") = "01-Presentation", "01-Presentation", "{52F9523D-EFA6-4B76-A2EC-DB106D31E628}"
EndProject
Project("{2150E333-8FDC-42A3-9474-1A3956D46DE8}") = "02-Aplication", "02-Aplication", "{8393CD10-12CA-4E81-A126-73A389709BCB}"
EndProject
Project("{2150E333-8FDC-42A3-9474-1A3956D46DE8}") = "03-Service", "03-Service", "{31FF3D2F-C183-4172-BCF7-E3FD0CCCF961}"
EndProject
Project("{2150E333-8FDC-42A3-9474-1A3956D46DE8}") = "04-Domain", "04-Domain", "{05105152-875F-462F-8918-0155434F2288}"
EndProject
Project("{2150E333-8FDC-42A3-9474-1A3956D46DE8}") = "05-Infrastructure", "05-Infrastructure", "{37A9713D-819C-4F15-BCFD-977770F2BC8C}"
EndProject
Project("{FAE04EC0-301F-11D3-BF4B-00C04F79EFBC}") = "ST.Domain.Base", "ST.Domain.Base\ST.Domain.Base.csproj", "{727171B8-EF4A-4E47-9E2D-70B3282ECDCE}"
EndProject
Project("{FAE04EC0-301F-11D3-BF4B-00C04F79EFBC}") = "ST.Domain", "ST.Domain\ST.Domain.csproj", "{BF43BD84-3D17-4021-B2D7-1D08813FA214}"
EndProject
Project("{FAE04EC0-301F-11D3-BF4B-00C04F79EFBC}") = "ST.Repository.Base", "ST.Repository.Base\ST.Repository.Base.csproj", "{B1CAD153-57EF-4E9C-8DC6-227812DC5DEF}"
EndProject
Project("{FAE04EC0-301F-11D3-BF4B-00C04F79EFBC}") = "ST.Domain.Repository", "ST.Domain.Repository\ST.Domain.Repository.csproj", "{7BA7EB0F-97DD-46A4-A9CF-651876DFF20B}"
EndProject
Project("{FAE04EC0-301F-11D3-BF4B-00C04F79EFBC}") = "ST.Repository", "ST.Repository\ST.Repository.csproj", "{DBE33FA5-70BB-430C-837B-7CDB3E2A2B68}"
EndProject
Project("{FAE04EC0-301F-11D3-BF4B-00C04F79EFBC}") = "ST.Infrastructure.Context", "ST.Infrastructure.Context\ST.Infrastructure.Context.csproj", "{CE1124A1-A59B-4376-AC75-D57B4C065211}"
EndProject
Project("{FAE04EC0-301F-11D3-BF4B-00C04F79EFBC}") = "ST.Aplication.ConectionString", "ST.Aplication.ConectionString\ST.Aplication.ConectionString.csproj", "{3B80509E-1A2E-4593-AE6E-3B80139CC185}"
EndProject
Project("{FAE04EC0-301F-11D3-BF4B-00C04F79EFBC}") = "ST.Infrastructure.Repository", "ST.Infrastructure.Repository\ST.Infrastructure.Repository.csproj", "{523DEAD6-565A-4131-9862-3025D6C08C2C}"
EndProject
Project("{FAE04EC0-301F-11D3-BF4B-00C04F79EFBC}") = "ST.Service.Base", "ST.Service.Base\ST.Service.Base.csproj", "{D8414C1B-0762-4782-AEE1-F15935F640FE}"
EndProject
Project("{FAE04EC0-301F-11D3-BF4B-00C04F79EFBC}") = "ST.IService", "ST.IService\ST.IService.csproj", "{4D4F1999-6E41-42EA-ADC5-E0B52EDB5CCF}"
EndProject
Project("{FAE04EC0-301F-11D3-BF4B-00C04F79EFBC}") = "ST.Service", "ST.Service\ST.Service.csproj", "{59603108-3491-4D8B-A490-C630E39D0576}"
EndProject
Project("{2150E333-8FDC-42A3-9474-1A3956D46DE8}") = "Mobile", "Mobile", "{D38B2DA4-7E25-4E51-B60A-85E8FA7A3E76}"
EndProject
Project("{FAE04EC0-301F-11D3-BF4B-00C04F79EFBC}") = "SporTeams.Android", "SporTeams\SporTeams.Android\SporTeams.Android.csproj", "{320CE670-06AA-493E-BF9F-E2B98C833C94}"
EndProject
Project("{FAE04EC0-301F-11D3-BF4B-00C04F79EFBC}") = "SporTeams.iOS", "SporTeams\SporTeams.iOS\SporTeams.iOS.csproj", "{6A24FB0F-9874-4B37-BBCA-4EFDF1E49F1F}"
EndProject
Project("{FAE04EC0-301F-11D3-BF4B-00C04F79EFBC}") = "SporTeams.UWP", "SporTeams\SporTeams.UWP\SporTeams.UWP.csproj", "{8184BF7F-0D26-4DD8-AE43-D9D0097CC88E}"
EndProject
Project("{FAE04EC0-301F-11D3-BF4B-00C04F79EFBC}") = "SporTeams", "SporTeams\SporTeams\SporTeams.csproj", "{C4C7BBED-C603-4FDE-AFF1-9C49003A248B}"
EndProject
Global
	GlobalSection(SolutionConfigurationPlatforms) = preSolution
		Ad-Hoc|Any CPU = Ad-Hoc|Any CPU
		Ad-Hoc|ARM = Ad-Hoc|ARM
		Ad-Hoc|iPhone = Ad-Hoc|iPhone
		Ad-Hoc|iPhoneSimulator = Ad-Hoc|iPhoneSimulator
		Ad-Hoc|x64 = Ad-Hoc|x64
		Ad-Hoc|x86 = Ad-Hoc|x86
		AppStore|Any CPU = AppStore|Any CPU
		AppStore|ARM = AppStore|ARM
		AppStore|iPhone = AppStore|iPhone
		AppStore|iPhoneSimulator = AppStore|iPhoneSimulator
		AppStore|x64 = AppStore|x64
		AppStore|x86 = AppStore|x86
		Debug|Any CPU = Debug|Any CPU
		Debug|ARM = Debug|ARM
		Debug|iPhone = Debug|iPhone
		Debug|iPhoneSimulator = Debug|iPhoneSimulator
		Debug|x64 = Debug|x64
		Debug|x86 = Debug|x86
		Release|Any CPU = Release|Any CPU
		Release|ARM = Release|ARM
		Release|iPhone = Release|iPhone
		Release|iPhoneSimulator = Release|iPhoneSimulator
		Release|x64 = Release|x64
		Release|x86 = Release|x86
	EndGlobalSection
	GlobalSection(ProjectConfigurationPlatforms) = postSolution
		{727171B8-EF4A-4E47-9E2D-70B3282ECDCE}.Ad-Hoc|Any CPU.ActiveCfg = Release|Any CPU
		{727171B8-EF4A-4E47-9E2D-70B3282ECDCE}.Ad-Hoc|Any CPU.Build.0 = Release|Any CPU
		{727171B8-EF4A-4E47-9E2D-70B3282ECDCE}.Ad-Hoc|ARM.ActiveCfg = Release|Any CPU
		{727171B8-EF4A-4E47-9E2D-70B3282ECDCE}.Ad-Hoc|ARM.Build.0 = Release|Any CPU
		{727171B8-EF4A-4E47-9E2D-70B3282ECDCE}.Ad-Hoc|iPhone.ActiveCfg = Release|Any CPU
		{727171B8-EF4A-4E47-9E2D-70B3282ECDCE}.Ad-Hoc|iPhone.Build.0 = Release|Any CPU
		{727171B8-EF4A-4E47-9E2D-70B3282ECDCE}.Ad-Hoc|iPhoneSimulator.ActiveCfg = Release|Any CPU
		{727171B8-EF4A-4E47-9E2D-70B3282ECDCE}.Ad-Hoc|iPhoneSimulator.Build.0 = Release|Any CPU
		{727171B8-EF4A-4E47-9E2D-70B3282ECDCE}.Ad-Hoc|x64.ActiveCfg = Release|Any CPU
		{727171B8-EF4A-4E47-9E2D-70B3282ECDCE}.Ad-Hoc|x64.Build.0 = Release|Any CPU
		{727171B8-EF4A-4E47-9E2D-70B3282ECDCE}.Ad-Hoc|x86.ActiveCfg = Release|Any CPU
		{727171B8-EF4A-4E47-9E2D-70B3282ECDCE}.Ad-Hoc|x86.Build.0 = Release|Any CPU
		{727171B8-EF4A-4E47-9E2D-70B3282ECDCE}.AppStore|Any CPU.ActiveCfg = Release|Any CPU
		{727171B8-EF4A-4E47-9E2D-70B3282ECDCE}.AppStore|Any CPU.Build.0 = Release|Any CPU
		{727171B8-EF4A-4E47-9E2D-70B3282ECDCE}.AppStore|ARM.ActiveCfg = Release|Any CPU
		{727171B8-EF4A-4E47-9E2D-70B3282ECDCE}.AppStore|ARM.Build.0 = Release|Any CPU
		{727171B8-EF4A-4E47-9E2D-70B3282ECDCE}.AppStore|iPhone.ActiveCfg = Release|Any CPU
		{727171B8-EF4A-4E47-9E2D-70B3282ECDCE}.AppStore|iPhone.Build.0 = Release|Any CPU
		{727171B8-EF4A-4E47-9E2D-70B3282ECDCE}.AppStore|iPhoneSimulator.ActiveCfg = Release|Any CPU
		{727171B8-EF4A-4E47-9E2D-70B3282ECDCE}.AppStore|iPhoneSimulator.Build.0 = Release|Any CPU
		{727171B8-EF4A-4E47-9E2D-70B3282ECDCE}.AppStore|x64.ActiveCfg = Release|Any CPU
		{727171B8-EF4A-4E47-9E2D-70B3282ECDCE}.AppStore|x64.Build.0 = Release|Any CPU
		{727171B8-EF4A-4E47-9E2D-70B3282ECDCE}.AppStore|x86.ActiveCfg = Release|Any CPU
		{727171B8-EF4A-4E47-9E2D-70B3282ECDCE}.AppStore|x86.Build.0 = Release|Any CPU
		{727171B8-EF4A-4E47-9E2D-70B3282ECDCE}.Debug|Any CPU.ActiveCfg = Debug|Any CPU
		{727171B8-EF4A-4E47-9E2D-70B3282ECDCE}.Debug|Any CPU.Build.0 = Debug|Any CPU
		{727171B8-EF4A-4E47-9E2D-70B3282ECDCE}.Debug|ARM.ActiveCfg = Debug|Any CPU
		{727171B8-EF4A-4E47-9E2D-70B3282ECDCE}.Debug|ARM.Build.0 = Debug|Any CPU
		{727171B8-EF4A-4E47-9E2D-70B3282ECDCE}.Debug|iPhone.ActiveCfg = Debug|Any CPU
		{727171B8-EF4A-4E47-9E2D-70B3282ECDCE}.Debug|iPhone.Build.0 = Debug|Any CPU
		{727171B8-EF4A-4E47-9E2D-70B3282ECDCE}.Debug|iPhoneSimulator.ActiveCfg = Debug|Any CPU
		{727171B8-EF4A-4E47-9E2D-70B3282ECDCE}.Debug|iPhoneSimulator.Build.0 = Debug|Any CPU
		{727171B8-EF4A-4E47-9E2D-70B3282ECDCE}.Debug|x64.ActiveCfg = Debug|Any CPU
		{727171B8-EF4A-4E47-9E2D-70B3282ECDCE}.Debug|x64.Build.0 = Debug|Any CPU
		{727171B8-EF4A-4E47-9E2D-70B3282ECDCE}.Debug|x86.ActiveCfg = Debug|Any CPU
		{727171B8-EF4A-4E47-9E2D-70B3282ECDCE}.Debug|x86.Build.0 = Debug|Any CPU
		{727171B8-EF4A-4E47-9E2D-70B3282ECDCE}.Release|Any CPU.ActiveCfg = Release|Any CPU
		{727171B8-EF4A-4E47-9E2D-70B3282ECDCE}.Release|Any CPU.Build.0 = Release|Any CPU
		{727171B8-EF4A-4E47-9E2D-70B3282ECDCE}.Release|ARM.ActiveCfg = Release|Any CPU
		{727171B8-EF4A-4E47-9E2D-70B3282ECDCE}.Release|ARM.Build.0 = Release|Any CPU
		{727171B8-EF4A-4E47-9E2D-70B3282ECDCE}.Release|iPhone.ActiveCfg = Release|Any CPU
		{727171B8-EF4A-4E47-9E2D-70B3282ECDCE}.Release|iPhone.Build.0 = Release|Any CPU
		{727171B8-EF4A-4E47-9E2D-70B3282ECDCE}.Release|iPhoneSimulator.ActiveCfg = Release|Any CPU
		{727171B8-EF4A-4E47-9E2D-70B3282ECDCE}.Release|iPhoneSimulator.Build.0 = Release|Any CPU
		{727171B8-EF4A-4E47-9E2D-70B3282ECDCE}.Release|x64.ActiveCfg = Release|Any CPU
		{727171B8-EF4A-4E47-9E2D-70B3282ECDCE}.Release|x64.Build.0 = Release|Any CPU
		{727171B8-EF4A-4E47-9E2D-70B3282ECDCE}.Release|x86.ActiveCfg = Release|Any CPU
		{727171B8-EF4A-4E47-9E2D-70B3282ECDCE}.Release|x86.Build.0 = Release|Any CPU
		{BF43BD84-3D17-4021-B2D7-1D08813FA214}.Ad-Hoc|Any CPU.ActiveCfg = Release|Any CPU
		{BF43BD84-3D17-4021-B2D7-1D08813FA214}.Ad-Hoc|Any CPU.Build.0 = Release|Any CPU
		{BF43BD84-3D17-4021-B2D7-1D08813FA214}.Ad-Hoc|ARM.ActiveCfg = Release|Any CPU
		{BF43BD84-3D17-4021-B2D7-1D08813FA214}.Ad-Hoc|ARM.Build.0 = Release|Any CPU
		{BF43BD84-3D17-4021-B2D7-1D08813FA214}.Ad-Hoc|iPhone.ActiveCfg = Release|Any CPU
		{BF43BD84-3D17-4021-B2D7-1D08813FA214}.Ad-Hoc|iPhone.Build.0 = Release|Any CPU
		{BF43BD84-3D17-4021-B2D7-1D08813FA214}.Ad-Hoc|iPhoneSimulator.ActiveCfg = Release|Any CPU
		{BF43BD84-3D17-4021-B2D7-1D08813FA214}.Ad-Hoc|iPhoneSimulator.Build.0 = Release|Any CPU
		{BF43BD84-3D17-4021-B2D7-1D08813FA214}.Ad-Hoc|x64.ActiveCfg = Release|Any CPU
		{BF43BD84-3D17-4021-B2D7-1D08813FA214}.Ad-Hoc|x64.Build.0 = Release|Any CPU
		{BF43BD84-3D17-4021-B2D7-1D08813FA214}.Ad-Hoc|x86.ActiveCfg = Release|Any CPU
		{BF43BD84-3D17-4021-B2D7-1D08813FA214}.Ad-Hoc|x86.Build.0 = Release|Any CPU
		{BF43BD84-3D17-4021-B2D7-1D08813FA214}.AppStore|Any CPU.ActiveCfg = Release|Any CPU
		{BF43BD84-3D17-4021-B2D7-1D08813FA214}.AppStore|Any CPU.Build.0 = Release|Any CPU
		{BF43BD84-3D17-4021-B2D7-1D08813FA214}.AppStore|ARM.ActiveCfg = Release|Any CPU
		{BF43BD84-3D17-4021-B2D7-1D08813FA214}.AppStore|ARM.Build.0 = Release|Any CPU
		{BF43BD84-3D17-4021-B2D7-1D08813FA214}.AppStore|iPhone.ActiveCfg = Release|Any CPU
		{BF43BD84-3D17-4021-B2D7-1D08813FA214}.AppStore|iPhone.Build.0 = Release|Any CPU
		{BF43BD84-3D17-4021-B2D7-1D08813FA214}.AppStore|iPhoneSimulator.ActiveCfg = Release|Any CPU
		{BF43BD84-3D17-4021-B2D7-1D08813FA214}.AppStore|iPhoneSimulator.Build.0 = Release|Any CPU
		{BF43BD84-3D17-4021-B2D7-1D08813FA214}.AppStore|x64.ActiveCfg = Release|Any CPU
		{BF43BD84-3D17-4021-B2D7-1D08813FA214}.AppStore|x64.Build.0 = Release|Any CPU
		{BF43BD84-3D17-4021-B2D7-1D08813FA214}.AppStore|x86.ActiveCfg = Release|Any CPU
		{BF43BD84-3D17-4021-B2D7-1D08813FA214}.AppStore|x86.Build.0 = Release|Any CPU
		{BF43BD84-3D17-4021-B2D7-1D08813FA214}.Debug|Any CPU.ActiveCfg = Debug|Any CPU
		{BF43BD84-3D17-4021-B2D7-1D08813FA214}.Debug|Any CPU.Build.0 = Debug|Any CPU
		{BF43BD84-3D17-4021-B2D7-1D08813FA214}.Debug|ARM.ActiveCfg = Debug|Any CPU
		{BF43BD84-3D17-4021-B2D7-1D08813FA214}.Debug|ARM.Build.0 = Debug|Any CPU
		{BF43BD84-3D17-4021-B2D7-1D08813FA214}.Debug|iPhone.ActiveCfg = Debug|Any CPU
		{BF43BD84-3D17-4021-B2D7-1D08813FA214}.Debug|iPhone.Build.0 = Debug|Any CPU
		{BF43BD84-3D17-4021-B2D7-1D08813FA214}.Debug|iPhoneSimulator.ActiveCfg = Debug|Any CPU
		{BF43BD84-3D17-4021-B2D7-1D08813FA214}.Debug|iPhoneSimulator.Build.0 = Debug|Any CPU
		{BF43BD84-3D17-4021-B2D7-1D08813FA214}.Debug|x64.ActiveCfg = Debug|Any CPU
		{BF43BD84-3D17-4021-B2D7-1D08813FA214}.Debug|x64.Build.0 = Debug|Any CPU
		{BF43BD84-3D17-4021-B2D7-1D08813FA214}.Debug|x86.ActiveCfg = Debug|Any CPU
		{BF43BD84-3D17-4021-B2D7-1D08813FA214}.Debug|x86.Build.0 = Debug|Any CPU
		{BF43BD84-3D17-4021-B2D7-1D08813FA214}.Release|Any CPU.ActiveCfg = Release|Any CPU
		{BF43BD84-3D17-4021-B2D7-1D08813FA214}.Release|Any CPU.Build.0 = Release|Any CPU
		{BF43BD84-3D17-4021-B2D7-1D08813FA214}.Release|ARM.ActiveCfg = Release|Any CPU
		{BF43BD84-3D17-4021-B2D7-1D08813FA214}.Release|ARM.Build.0 = Release|Any CPU
		{BF43BD84-3D17-4021-B2D7-1D08813FA214}.Release|iPhone.ActiveCfg = Release|Any CPU
		{BF43BD84-3D17-4021-B2D7-1D08813FA214}.Release|iPhone.Build.0 = Release|Any CPU
		{BF43BD84-3D17-4021-B2D7-1D08813FA214}.Release|iPhoneSimulator.ActiveCfg = Release|Any CPU
		{BF43BD84-3D17-4021-B2D7-1D08813FA214}.Release|iPhoneSimulator.Build.0 = Release|Any CPU
		{BF43BD84-3D17-4021-B2D7-1D08813FA214}.Release|x64.ActiveCfg = Release|Any CPU
		{BF43BD84-3D17-4021-B2D7-1D08813FA214}.Release|x64.Build.0 = Release|Any CPU
		{BF43BD84-3D17-4021-B2D7-1D08813FA214}.Release|x86.ActiveCfg = Release|Any CPU
		{BF43BD84-3D17-4021-B2D7-1D08813FA214}.Release|x86.Build.0 = Release|Any CPU
		{B1CAD153-57EF-4E9C-8DC6-227812DC5DEF}.Ad-Hoc|Any CPU.ActiveCfg = Release|Any CPU
		{B1CAD153-57EF-4E9C-8DC6-227812DC5DEF}.Ad-Hoc|Any CPU.Build.0 = Release|Any CPU
		{B1CAD153-57EF-4E9C-8DC6-227812DC5DEF}.Ad-Hoc|ARM.ActiveCfg = Release|Any CPU
		{B1CAD153-57EF-4E9C-8DC6-227812DC5DEF}.Ad-Hoc|ARM.Build.0 = Release|Any CPU
		{B1CAD153-57EF-4E9C-8DC6-227812DC5DEF}.Ad-Hoc|iPhone.ActiveCfg = Release|Any CPU
		{B1CAD153-57EF-4E9C-8DC6-227812DC5DEF}.Ad-Hoc|iPhone.Build.0 = Release|Any CPU
		{B1CAD153-57EF-4E9C-8DC6-227812DC5DEF}.Ad-Hoc|iPhoneSimulator.ActiveCfg = Release|Any CPU
		{B1CAD153-57EF-4E9C-8DC6-227812DC5DEF}.Ad-Hoc|iPhoneSimulator.Build.0 = Release|Any CPU
		{B1CAD153-57EF-4E9C-8DC6-227812DC5DEF}.Ad-Hoc|x64.ActiveCfg = Release|Any CPU
		{B1CAD153-57EF-4E9C-8DC6-227812DC5DEF}.Ad-Hoc|x64.Build.0 = Release|Any CPU
		{B1CAD153-57EF-4E9C-8DC6-227812DC5DEF}.Ad-Hoc|x86.ActiveCfg = Release|Any CPU
		{B1CAD153-57EF-4E9C-8DC6-227812DC5DEF}.Ad-Hoc|x86.Build.0 = Release|Any CPU
		{B1CAD153-57EF-4E9C-8DC6-227812DC5DEF}.AppStore|Any CPU.ActiveCfg = Release|Any CPU
		{B1CAD153-57EF-4E9C-8DC6-227812DC5DEF}.AppStore|Any CPU.Build.0 = Release|Any CPU
		{B1CAD153-57EF-4E9C-8DC6-227812DC5DEF}.AppStore|ARM.ActiveCfg = Release|Any CPU
		{B1CAD153-57EF-4E9C-8DC6-227812DC5DEF}.AppStore|ARM.Build.0 = Release|Any CPU
		{B1CAD153-57EF-4E9C-8DC6-227812DC5DEF}.AppStore|iPhone.ActiveCfg = Release|Any CPU
		{B1CAD153-57EF-4E9C-8DC6-227812DC5DEF}.AppStore|iPhone.Build.0 = Release|Any CPU
		{B1CAD153-57EF-4E9C-8DC6-227812DC5DEF}.AppStore|iPhoneSimulator.ActiveCfg = Release|Any CPU
		{B1CAD153-57EF-4E9C-8DC6-227812DC5DEF}.AppStore|iPhoneSimulator.Build.0 = Release|Any CPU
		{B1CAD153-57EF-4E9C-8DC6-227812DC5DEF}.AppStore|x64.ActiveCfg = Release|Any CPU
		{B1CAD153-57EF-4E9C-8DC6-227812DC5DEF}.AppStore|x64.Build.0 = Release|Any CPU
		{B1CAD153-57EF-4E9C-8DC6-227812DC5DEF}.AppStore|x86.ActiveCfg = Release|Any CPU
		{B1CAD153-57EF-4E9C-8DC6-227812DC5DEF}.AppStore|x86.Build.0 = Release|Any CPU
		{B1CAD153-57EF-4E9C-8DC6-227812DC5DEF}.Debug|Any CPU.ActiveCfg = Debug|Any CPU
		{B1CAD153-57EF-4E9C-8DC6-227812DC5DEF}.Debug|Any CPU.Build.0 = Debug|Any CPU
		{B1CAD153-57EF-4E9C-8DC6-227812DC5DEF}.Debug|ARM.ActiveCfg = Debug|Any CPU
		{B1CAD153-57EF-4E9C-8DC6-227812DC5DEF}.Debug|ARM.Build.0 = Debug|Any CPU
		{B1CAD153-57EF-4E9C-8DC6-227812DC5DEF}.Debug|iPhone.ActiveCfg = Debug|Any CPU
		{B1CAD153-57EF-4E9C-8DC6-227812DC5DEF}.Debug|iPhone.Build.0 = Debug|Any CPU
		{B1CAD153-57EF-4E9C-8DC6-227812DC5DEF}.Debug|iPhoneSimulator.ActiveCfg = Debug|Any CPU
		{B1CAD153-57EF-4E9C-8DC6-227812DC5DEF}.Debug|iPhoneSimulator.Build.0 = Debug|Any CPU
		{B1CAD153-57EF-4E9C-8DC6-227812DC5DEF}.Debug|x64.ActiveCfg = Debug|Any CPU
		{B1CAD153-57EF-4E9C-8DC6-227812DC5DEF}.Debug|x64.Build.0 = Debug|Any CPU
		{B1CAD153-57EF-4E9C-8DC6-227812DC5DEF}.Debug|x86.ActiveCfg = Debug|Any CPU
		{B1CAD153-57EF-4E9C-8DC6-227812DC5DEF}.Debug|x86.Build.0 = Debug|Any CPU
		{B1CAD153-57EF-4E9C-8DC6-227812DC5DEF}.Release|Any CPU.ActiveCfg = Release|Any CPU
		{B1CAD153-57EF-4E9C-8DC6-227812DC5DEF}.Release|Any CPU.Build.0 = Release|Any CPU
		{B1CAD153-57EF-4E9C-8DC6-227812DC5DEF}.Release|ARM.ActiveCfg = Release|Any CPU
		{B1CAD153-57EF-4E9C-8DC6-227812DC5DEF}.Release|ARM.Build.0 = Release|Any CPU
		{B1CAD153-57EF-4E9C-8DC6-227812DC5DEF}.Release|iPhone.ActiveCfg = Release|Any CPU
		{B1CAD153-57EF-4E9C-8DC6-227812DC5DEF}.Release|iPhone.Build.0 = Release|Any CPU
		{B1CAD153-57EF-4E9C-8DC6-227812DC5DEF}.Release|iPhoneSimulator.ActiveCfg = Release|Any CPU
		{B1CAD153-57EF-4E9C-8DC6-227812DC5DEF}.Release|iPhoneSimulator.Build.0 = Release|Any CPU
		{B1CAD153-57EF-4E9C-8DC6-227812DC5DEF}.Release|x64.ActiveCfg = Release|Any CPU
		{B1CAD153-57EF-4E9C-8DC6-227812DC5DEF}.Release|x64.Build.0 = Release|Any CPU
		{B1CAD153-57EF-4E9C-8DC6-227812DC5DEF}.Release|x86.ActiveCfg = Release|Any CPU
		{B1CAD153-57EF-4E9C-8DC6-227812DC5DEF}.Release|x86.Build.0 = Release|Any CPU
		{7BA7EB0F-97DD-46A4-A9CF-651876DFF20B}.Ad-Hoc|Any CPU.ActiveCfg = Release|Any CPU
		{7BA7EB0F-97DD-46A4-A9CF-651876DFF20B}.Ad-Hoc|Any CPU.Build.0 = Release|Any CPU
		{7BA7EB0F-97DD-46A4-A9CF-651876DFF20B}.Ad-Hoc|ARM.ActiveCfg = Release|Any CPU
		{7BA7EB0F-97DD-46A4-A9CF-651876DFF20B}.Ad-Hoc|ARM.Build.0 = Release|Any CPU
		{7BA7EB0F-97DD-46A4-A9CF-651876DFF20B}.Ad-Hoc|iPhone.ActiveCfg = Release|Any CPU
		{7BA7EB0F-97DD-46A4-A9CF-651876DFF20B}.Ad-Hoc|iPhone.Build.0 = Release|Any CPU
		{7BA7EB0F-97DD-46A4-A9CF-651876DFF20B}.Ad-Hoc|iPhoneSimulator.ActiveCfg = Release|Any CPU
		{7BA7EB0F-97DD-46A4-A9CF-651876DFF20B}.Ad-Hoc|iPhoneSimulator.Build.0 = Release|Any CPU
		{7BA7EB0F-97DD-46A4-A9CF-651876DFF20B}.Ad-Hoc|x64.ActiveCfg = Release|Any CPU
		{7BA7EB0F-97DD-46A4-A9CF-651876DFF20B}.Ad-Hoc|x64.Build.0 = Release|Any CPU
		{7BA7EB0F-97DD-46A4-A9CF-651876DFF20B}.Ad-Hoc|x86.ActiveCfg = Release|Any CPU
		{7BA7EB0F-97DD-46A4-A9CF-651876DFF20B}.Ad-Hoc|x86.Build.0 = Release|Any CPU
		{7BA7EB0F-97DD-46A4-A9CF-651876DFF20B}.AppStore|Any CPU.ActiveCfg = Release|Any CPU
		{7BA7EB0F-97DD-46A4-A9CF-651876DFF20B}.AppStore|Any CPU.Build.0 = Release|Any CPU
		{7BA7EB0F-97DD-46A4-A9CF-651876DFF20B}.AppStore|ARM.ActiveCfg = Release|Any CPU
		{7BA7EB0F-97DD-46A4-A9CF-651876DFF20B}.AppStore|ARM.Build.0 = Release|Any CPU
		{7BA7EB0F-97DD-46A4-A9CF-651876DFF20B}.AppStore|iPhone.ActiveCfg = Release|Any CPU
		{7BA7EB0F-97DD-46A4-A9CF-651876DFF20B}.AppStore|iPhone.Build.0 = Release|Any CPU
		{7BA7EB0F-97DD-46A4-A9CF-651876DFF20B}.AppStore|iPhoneSimulator.ActiveCfg = Release|Any CPU
		{7BA7EB0F-97DD-46A4-A9CF-651876DFF20B}.AppStore|iPhoneSimulator.Build.0 = Release|Any CPU
		{7BA7EB0F-97DD-46A4-A9CF-651876DFF20B}.AppStore|x64.ActiveCfg = Release|Any CPU
		{7BA7EB0F-97DD-46A4-A9CF-651876DFF20B}.AppStore|x64.Build.0 = Release|Any CPU
		{7BA7EB0F-97DD-46A4-A9CF-651876DFF20B}.AppStore|x86.ActiveCfg = Release|Any CPU
		{7BA7EB0F-97DD-46A4-A9CF-651876DFF20B}.AppStore|x86.Build.0 = Release|Any CPU
		{7BA7EB0F-97DD-46A4-A9CF-651876DFF20B}.Debug|Any CPU.ActiveCfg = Debug|Any CPU
		{7BA7EB0F-97DD-46A4-A9CF-651876DFF20B}.Debug|Any CPU.Build.0 = Debug|Any CPU
		{7BA7EB0F-97DD-46A4-A9CF-651876DFF20B}.Debug|ARM.ActiveCfg = Debug|Any CPU
		{7BA7EB0F-97DD-46A4-A9CF-651876DFF20B}.Debug|ARM.Build.0 = Debug|Any CPU
		{7BA7EB0F-97DD-46A4-A9CF-651876DFF20B}.Debug|iPhone.ActiveCfg = Debug|Any CPU
		{7BA7EB0F-97DD-46A4-A9CF-651876DFF20B}.Debug|iPhone.Build.0 = Debug|Any CPU
		{7BA7EB0F-97DD-46A4-A9CF-651876DFF20B}.Debug|iPhoneSimulator.ActiveCfg = Debug|Any CPU
		{7BA7EB0F-97DD-46A4-A9CF-651876DFF20B}.Debug|iPhoneSimulator.Build.0 = Debug|Any CPU
		{7BA7EB0F-97DD-46A4-A9CF-651876DFF20B}.Debug|x64.ActiveCfg = Debug|Any CPU
		{7BA7EB0F-97DD-46A4-A9CF-651876DFF20B}.Debug|x64.Build.0 = Debug|Any CPU
		{7BA7EB0F-97DD-46A4-A9CF-651876DFF20B}.Debug|x86.ActiveCfg = Debug|Any CPU
		{7BA7EB0F-97DD-46A4-A9CF-651876DFF20B}.Debug|x86.Build.0 = Debug|Any CPU
		{7BA7EB0F-97DD-46A4-A9CF-651876DFF20B}.Release|Any CPU.ActiveCfg = Release|Any CPU
		{7BA7EB0F-97DD-46A4-A9CF-651876DFF20B}.Release|Any CPU.Build.0 = Release|Any CPU
		{7BA7EB0F-97DD-46A4-A9CF-651876DFF20B}.Release|ARM.ActiveCfg = Release|Any CPU
		{7BA7EB0F-97DD-46A4-A9CF-651876DFF20B}.Release|ARM.Build.0 = Release|Any CPU
		{7BA7EB0F-97DD-46A4-A9CF-651876DFF20B}.Release|iPhone.ActiveCfg = Release|Any CPU
		{7BA7EB0F-97DD-46A4-A9CF-651876DFF20B}.Release|iPhone.Build.0 = Release|Any CPU
		{7BA7EB0F-97DD-46A4-A9CF-651876DFF20B}.Release|iPhoneSimulator.ActiveCfg = Release|Any CPU
		{7BA7EB0F-97DD-46A4-A9CF-651876DFF20B}.Release|iPhoneSimulator.Build.0 = Release|Any CPU
		{7BA7EB0F-97DD-46A4-A9CF-651876DFF20B}.Release|x64.ActiveCfg = Release|Any CPU
		{7BA7EB0F-97DD-46A4-A9CF-651876DFF20B}.Release|x64.Build.0 = Release|Any CPU
		{7BA7EB0F-97DD-46A4-A9CF-651876DFF20B}.Release|x86.ActiveCfg = Release|Any CPU
		{7BA7EB0F-97DD-46A4-A9CF-651876DFF20B}.Release|x86.Build.0 = Release|Any CPU
		{DBE33FA5-70BB-430C-837B-7CDB3E2A2B68}.Ad-Hoc|Any CPU.ActiveCfg = Release|Any CPU
		{DBE33FA5-70BB-430C-837B-7CDB3E2A2B68}.Ad-Hoc|Any CPU.Build.0 = Release|Any CPU
		{DBE33FA5-70BB-430C-837B-7CDB3E2A2B68}.Ad-Hoc|ARM.ActiveCfg = Release|Any CPU
		{DBE33FA5-70BB-430C-837B-7CDB3E2A2B68}.Ad-Hoc|ARM.Build.0 = Release|Any CPU
		{DBE33FA5-70BB-430C-837B-7CDB3E2A2B68}.Ad-Hoc|iPhone.ActiveCfg = Release|Any CPU
		{DBE33FA5-70BB-430C-837B-7CDB3E2A2B68}.Ad-Hoc|iPhone.Build.0 = Release|Any CPU
		{DBE33FA5-70BB-430C-837B-7CDB3E2A2B68}.Ad-Hoc|iPhoneSimulator.ActiveCfg = Release|Any CPU
		{DBE33FA5-70BB-430C-837B-7CDB3E2A2B68}.Ad-Hoc|iPhoneSimulator.Build.0 = Release|Any CPU
		{DBE33FA5-70BB-430C-837B-7CDB3E2A2B68}.Ad-Hoc|x64.ActiveCfg = Release|Any CPU
		{DBE33FA5-70BB-430C-837B-7CDB3E2A2B68}.Ad-Hoc|x64.Build.0 = Release|Any CPU
		{DBE33FA5-70BB-430C-837B-7CDB3E2A2B68}.Ad-Hoc|x86.ActiveCfg = Release|Any CPU
		{DBE33FA5-70BB-430C-837B-7CDB3E2A2B68}.Ad-Hoc|x86.Build.0 = Release|Any CPU
		{DBE33FA5-70BB-430C-837B-7CDB3E2A2B68}.AppStore|Any CPU.ActiveCfg = Release|Any CPU
		{DBE33FA5-70BB-430C-837B-7CDB3E2A2B68}.AppStore|Any CPU.Build.0 = Release|Any CPU
		{DBE33FA5-70BB-430C-837B-7CDB3E2A2B68}.AppStore|ARM.ActiveCfg = Release|Any CPU
		{DBE33FA5-70BB-430C-837B-7CDB3E2A2B68}.AppStore|ARM.Build.0 = Release|Any CPU
		{DBE33FA5-70BB-430C-837B-7CDB3E2A2B68}.AppStore|iPhone.ActiveCfg = Release|Any CPU
		{DBE33FA5-70BB-430C-837B-7CDB3E2A2B68}.AppStore|iPhone.Build.0 = Release|Any CPU
		{DBE33FA5-70BB-430C-837B-7CDB3E2A2B68}.AppStore|iPhoneSimulator.ActiveCfg = Release|Any CPU
		{DBE33FA5-70BB-430C-837B-7CDB3E2A2B68}.AppStore|iPhoneSimulator.Build.0 = Release|Any CPU
		{DBE33FA5-70BB-430C-837B-7CDB3E2A2B68}.AppStore|x64.ActiveCfg = Release|Any CPU
		{DBE33FA5-70BB-430C-837B-7CDB3E2A2B68}.AppStore|x64.Build.0 = Release|Any CPU
		{DBE33FA5-70BB-430C-837B-7CDB3E2A2B68}.AppStore|x86.ActiveCfg = Release|Any CPU
		{DBE33FA5-70BB-430C-837B-7CDB3E2A2B68}.AppStore|x86.Build.0 = Release|Any CPU
		{DBE33FA5-70BB-430C-837B-7CDB3E2A2B68}.Debug|Any CPU.ActiveCfg = Debug|Any CPU
		{DBE33FA5-70BB-430C-837B-7CDB3E2A2B68}.Debug|Any CPU.Build.0 = Debug|Any CPU
		{DBE33FA5-70BB-430C-837B-7CDB3E2A2B68}.Debug|ARM.ActiveCfg = Debug|Any CPU
		{DBE33FA5-70BB-430C-837B-7CDB3E2A2B68}.Debug|ARM.Build.0 = Debug|Any CPU
		{DBE33FA5-70BB-430C-837B-7CDB3E2A2B68}.Debug|iPhone.ActiveCfg = Debug|Any CPU
		{DBE33FA5-70BB-430C-837B-7CDB3E2A2B68}.Debug|iPhone.Build.0 = Debug|Any CPU
		{DBE33FA5-70BB-430C-837B-7CDB3E2A2B68}.Debug|iPhoneSimulator.ActiveCfg = Debug|Any CPU
		{DBE33FA5-70BB-430C-837B-7CDB3E2A2B68}.Debug|iPhoneSimulator.Build.0 = Debug|Any CPU
		{DBE33FA5-70BB-430C-837B-7CDB3E2A2B68}.Debug|x64.ActiveCfg = Debug|Any CPU
		{DBE33FA5-70BB-430C-837B-7CDB3E2A2B68}.Debug|x64.Build.0 = Debug|Any CPU
		{DBE33FA5-70BB-430C-837B-7CDB3E2A2B68}.Debug|x86.ActiveCfg = Debug|Any CPU
		{DBE33FA5-70BB-430C-837B-7CDB3E2A2B68}.Debug|x86.Build.0 = Debug|Any CPU
		{DBE33FA5-70BB-430C-837B-7CDB3E2A2B68}.Release|Any CPU.ActiveCfg = Release|Any CPU
		{DBE33FA5-70BB-430C-837B-7CDB3E2A2B68}.Release|Any CPU.Build.0 = Release|Any CPU
		{DBE33FA5-70BB-430C-837B-7CDB3E2A2B68}.Release|ARM.ActiveCfg = Release|Any CPU
		{DBE33FA5-70BB-430C-837B-7CDB3E2A2B68}.Release|ARM.Build.0 = Release|Any CPU
		{DBE33FA5-70BB-430C-837B-7CDB3E2A2B68}.Release|iPhone.ActiveCfg = Release|Any CPU
		{DBE33FA5-70BB-430C-837B-7CDB3E2A2B68}.Release|iPhone.Build.0 = Release|Any CPU
		{DBE33FA5-70BB-430C-837B-7CDB3E2A2B68}.Release|iPhoneSimulator.ActiveCfg = Release|Any CPU
		{DBE33FA5-70BB-430C-837B-7CDB3E2A2B68}.Release|iPhoneSimulator.Build.0 = Release|Any CPU
		{DBE33FA5-70BB-430C-837B-7CDB3E2A2B68}.Release|x64.ActiveCfg = Release|Any CPU
		{DBE33FA5-70BB-430C-837B-7CDB3E2A2B68}.Release|x64.Build.0 = Release|Any CPU
		{DBE33FA5-70BB-430C-837B-7CDB3E2A2B68}.Release|x86.ActiveCfg = Release|Any CPU
		{DBE33FA5-70BB-430C-837B-7CDB3E2A2B68}.Release|x86.Build.0 = Release|Any CPU
		{CE1124A1-A59B-4376-AC75-D57B4C065211}.Ad-Hoc|Any CPU.ActiveCfg = Release|Any CPU
		{CE1124A1-A59B-4376-AC75-D57B4C065211}.Ad-Hoc|Any CPU.Build.0 = Release|Any CPU
		{CE1124A1-A59B-4376-AC75-D57B4C065211}.Ad-Hoc|ARM.ActiveCfg = Release|Any CPU
		{CE1124A1-A59B-4376-AC75-D57B4C065211}.Ad-Hoc|ARM.Build.0 = Release|Any CPU
		{CE1124A1-A59B-4376-AC75-D57B4C065211}.Ad-Hoc|iPhone.ActiveCfg = Release|Any CPU
		{CE1124A1-A59B-4376-AC75-D57B4C065211}.Ad-Hoc|iPhone.Build.0 = Release|Any CPU
		{CE1124A1-A59B-4376-AC75-D57B4C065211}.Ad-Hoc|iPhoneSimulator.ActiveCfg = Release|Any CPU
		{CE1124A1-A59B-4376-AC75-D57B4C065211}.Ad-Hoc|iPhoneSimulator.Build.0 = Release|Any CPU
		{CE1124A1-A59B-4376-AC75-D57B4C065211}.Ad-Hoc|x64.ActiveCfg = Release|Any CPU
		{CE1124A1-A59B-4376-AC75-D57B4C065211}.Ad-Hoc|x64.Build.0 = Release|Any CPU
		{CE1124A1-A59B-4376-AC75-D57B4C065211}.Ad-Hoc|x86.ActiveCfg = Release|Any CPU
		{CE1124A1-A59B-4376-AC75-D57B4C065211}.Ad-Hoc|x86.Build.0 = Release|Any CPU
		{CE1124A1-A59B-4376-AC75-D57B4C065211}.AppStore|Any CPU.ActiveCfg = Release|Any CPU
		{CE1124A1-A59B-4376-AC75-D57B4C065211}.AppStore|Any CPU.Build.0 = Release|Any CPU
		{CE1124A1-A59B-4376-AC75-D57B4C065211}.AppStore|ARM.ActiveCfg = Release|Any CPU
		{CE1124A1-A59B-4376-AC75-D57B4C065211}.AppStore|ARM.Build.0 = Release|Any CPU
		{CE1124A1-A59B-4376-AC75-D57B4C065211}.AppStore|iPhone.ActiveCfg = Release|Any CPU
		{CE1124A1-A59B-4376-AC75-D57B4C065211}.AppStore|iPhone.Build.0 = Release|Any CPU
		{CE1124A1-A59B-4376-AC75-D57B4C065211}.AppStore|iPhoneSimulator.ActiveCfg = Release|Any CPU
		{CE1124A1-A59B-4376-AC75-D57B4C065211}.AppStore|iPhoneSimulator.Build.0 = Release|Any CPU
		{CE1124A1-A59B-4376-AC75-D57B4C065211}.AppStore|x64.ActiveCfg = Release|Any CPU
		{CE1124A1-A59B-4376-AC75-D57B4C065211}.AppStore|x64.Build.0 = Release|Any CPU
		{CE1124A1-A59B-4376-AC75-D57B4C065211}.AppStore|x86.ActiveCfg = Release|Any CPU
		{CE1124A1-A59B-4376-AC75-D57B4C065211}.AppStore|x86.Build.0 = Release|Any CPU
		{CE1124A1-A59B-4376-AC75-D57B4C065211}.Debug|Any CPU.ActiveCfg = Debug|Any CPU
		{CE1124A1-A59B-4376-AC75-D57B4C065211}.Debug|Any CPU.Build.0 = Debug|Any CPU
		{CE1124A1-A59B-4376-AC75-D57B4C065211}.Debug|ARM.ActiveCfg = Debug|Any CPU
		{CE1124A1-A59B-4376-AC75-D57B4C065211}.Debug|ARM.Build.0 = Debug|Any CPU
		{CE1124A1-A59B-4376-AC75-D57B4C065211}.Debug|iPhone.ActiveCfg = Debug|Any CPU
		{CE1124A1-A59B-4376-AC75-D57B4C065211}.Debug|iPhone.Build.0 = Debug|Any CPU
		{CE1124A1-A59B-4376-AC75-D57B4C065211}.Debug|iPhoneSimulator.ActiveCfg = Debug|Any CPU
		{CE1124A1-A59B-4376-AC75-D57B4C065211}.Debug|iPhoneSimulator.Build.0 = Debug|Any CPU
		{CE1124A1-A59B-4376-AC75-D57B4C065211}.Debug|x64.ActiveCfg = Debug|Any CPU
		{CE1124A1-A59B-4376-AC75-D57B4C065211}.Debug|x64.Build.0 = Debug|Any CPU
		{CE1124A1-A59B-4376-AC75-D57B4C065211}.Debug|x86.ActiveCfg = Debug|Any CPU
		{CE1124A1-A59B-4376-AC75-D57B4C065211}.Debug|x86.Build.0 = Debug|Any CPU
		{CE1124A1-A59B-4376-AC75-D57B4C065211}.Release|Any CPU.ActiveCfg = Release|Any CPU
		{CE1124A1-A59B-4376-AC75-D57B4C065211}.Release|Any CPU.Build.0 = Release|Any CPU
		{CE1124A1-A59B-4376-AC75-D57B4C065211}.Release|ARM.ActiveCfg = Release|Any CPU
		{CE1124A1-A59B-4376-AC75-D57B4C065211}.Release|ARM.Build.0 = Release|Any CPU
		{CE1124A1-A59B-4376-AC75-D57B4C065211}.Release|iPhone.ActiveCfg = Release|Any CPU
		{CE1124A1-A59B-4376-AC75-D57B4C065211}.Release|iPhone.Build.0 = Release|Any CPU
		{CE1124A1-A59B-4376-AC75-D57B4C065211}.Release|iPhoneSimulator.ActiveCfg = Release|Any CPU
		{CE1124A1-A59B-4376-AC75-D57B4C065211}.Release|iPhoneSimulator.Build.0 = Release|Any CPU
		{CE1124A1-A59B-4376-AC75-D57B4C065211}.Release|x64.ActiveCfg = Release|Any CPU
		{CE1124A1-A59B-4376-AC75-D57B4C065211}.Release|x64.Build.0 = Release|Any CPU
		{CE1124A1-A59B-4376-AC75-D57B4C065211}.Release|x86.ActiveCfg = Release|Any CPU
		{CE1124A1-A59B-4376-AC75-D57B4C065211}.Release|x86.Build.0 = Release|Any CPU
		{3B80509E-1A2E-4593-AE6E-3B80139CC185}.Ad-Hoc|Any CPU.ActiveCfg = Release|Any CPU
		{3B80509E-1A2E-4593-AE6E-3B80139CC185}.Ad-Hoc|Any CPU.Build.0 = Release|Any CPU
		{3B80509E-1A2E-4593-AE6E-3B80139CC185}.Ad-Hoc|ARM.ActiveCfg = Release|Any CPU
		{3B80509E-1A2E-4593-AE6E-3B80139CC185}.Ad-Hoc|ARM.Build.0 = Release|Any CPU
		{3B80509E-1A2E-4593-AE6E-3B80139CC185}.Ad-Hoc|iPhone.ActiveCfg = Release|Any CPU
		{3B80509E-1A2E-4593-AE6E-3B80139CC185}.Ad-Hoc|iPhone.Build.0 = Release|Any CPU
		{3B80509E-1A2E-4593-AE6E-3B80139CC185}.Ad-Hoc|iPhoneSimulator.ActiveCfg = Release|Any CPU
		{3B80509E-1A2E-4593-AE6E-3B80139CC185}.Ad-Hoc|iPhoneSimulator.Build.0 = Release|Any CPU
		{3B80509E-1A2E-4593-AE6E-3B80139CC185}.Ad-Hoc|x64.ActiveCfg = Release|Any CPU
		{3B80509E-1A2E-4593-AE6E-3B80139CC185}.Ad-Hoc|x64.Build.0 = Release|Any CPU
		{3B80509E-1A2E-4593-AE6E-3B80139CC185}.Ad-Hoc|x86.ActiveCfg = Release|Any CPU
		{3B80509E-1A2E-4593-AE6E-3B80139CC185}.Ad-Hoc|x86.Build.0 = Release|Any CPU
		{3B80509E-1A2E-4593-AE6E-3B80139CC185}.AppStore|Any CPU.ActiveCfg = Release|Any CPU
		{3B80509E-1A2E-4593-AE6E-3B80139CC185}.AppStore|Any CPU.Build.0 = Release|Any CPU
		{3B80509E-1A2E-4593-AE6E-3B80139CC185}.AppStore|ARM.ActiveCfg = Release|Any CPU
		{3B80509E-1A2E-4593-AE6E-3B80139CC185}.AppStore|ARM.Build.0 = Release|Any CPU
		{3B80509E-1A2E-4593-AE6E-3B80139CC185}.AppStore|iPhone.ActiveCfg = Release|Any CPU
		{3B80509E-1A2E-4593-AE6E-3B80139CC185}.AppStore|iPhone.Build.0 = Release|Any CPU
		{3B80509E-1A2E-4593-AE6E-3B80139CC185}.AppStore|iPhoneSimulator.ActiveCfg = Release|Any CPU
		{3B80509E-1A2E-4593-AE6E-3B80139CC185}.AppStore|iPhoneSimulator.Build.0 = Release|Any CPU
		{3B80509E-1A2E-4593-AE6E-3B80139CC185}.AppStore|x64.ActiveCfg = Release|Any CPU
		{3B80509E-1A2E-4593-AE6E-3B80139CC185}.AppStore|x64.Build.0 = Release|Any CPU
		{3B80509E-1A2E-4593-AE6E-3B80139CC185}.AppStore|x86.ActiveCfg = Release|Any CPU
		{3B80509E-1A2E-4593-AE6E-3B80139CC185}.AppStore|x86.Build.0 = Release|Any CPU
		{3B80509E-1A2E-4593-AE6E-3B80139CC185}.Debug|Any CPU.ActiveCfg = Debug|Any CPU
		{3B80509E-1A2E-4593-AE6E-3B80139CC185}.Debug|Any CPU.Build.0 = Debug|Any CPU
		{3B80509E-1A2E-4593-AE6E-3B80139CC185}.Debug|ARM.ActiveCfg = Debug|Any CPU
		{3B80509E-1A2E-4593-AE6E-3B80139CC185}.Debug|ARM.Build.0 = Debug|Any CPU
		{3B80509E-1A2E-4593-AE6E-3B80139CC185}.Debug|iPhone.ActiveCfg = Debug|Any CPU
		{3B80509E-1A2E-4593-AE6E-3B80139CC185}.Debug|iPhone.Build.0 = Debug|Any CPU
		{3B80509E-1A2E-4593-AE6E-3B80139CC185}.Debug|iPhoneSimulator.ActiveCfg = Debug|Any CPU
		{3B80509E-1A2E-4593-AE6E-3B80139CC185}.Debug|iPhoneSimulator.Build.0 = Debug|Any CPU
		{3B80509E-1A2E-4593-AE6E-3B80139CC185}.Debug|x64.ActiveCfg = Debug|Any CPU
		{3B80509E-1A2E-4593-AE6E-3B80139CC185}.Debug|x64.Build.0 = Debug|Any CPU
		{3B80509E-1A2E-4593-AE6E-3B80139CC185}.Debug|x86.ActiveCfg = Debug|Any CPU
		{3B80509E-1A2E-4593-AE6E-3B80139CC185}.Debug|x86.Build.0 = Debug|Any CPU
		{3B80509E-1A2E-4593-AE6E-3B80139CC185}.Release|Any CPU.ActiveCfg = Release|Any CPU
		{3B80509E-1A2E-4593-AE6E-3B80139CC185}.Release|Any CPU.Build.0 = Release|Any CPU
		{3B80509E-1A2E-4593-AE6E-3B80139CC185}.Release|ARM.ActiveCfg = Release|Any CPU
		{3B80509E-1A2E-4593-AE6E-3B80139CC185}.Release|ARM.Build.0 = Release|Any CPU
		{3B80509E-1A2E-4593-AE6E-3B80139CC185}.Release|iPhone.ActiveCfg = Release|Any CPU
		{3B80509E-1A2E-4593-AE6E-3B80139CC185}.Release|iPhone.Build.0 = Release|Any CPU
		{3B80509E-1A2E-4593-AE6E-3B80139CC185}.Release|iPhoneSimulator.ActiveCfg = Release|Any CPU
		{3B80509E-1A2E-4593-AE6E-3B80139CC185}.Release|iPhoneSimulator.Build.0 = Release|Any CPU
		{3B80509E-1A2E-4593-AE6E-3B80139CC185}.Release|x64.ActiveCfg = Release|Any CPU
		{3B80509E-1A2E-4593-AE6E-3B80139CC185}.Release|x64.Build.0 = Release|Any CPU
		{3B80509E-1A2E-4593-AE6E-3B80139CC185}.Release|x86.ActiveCfg = Release|Any CPU
		{3B80509E-1A2E-4593-AE6E-3B80139CC185}.Release|x86.Build.0 = Release|Any CPU
		{523DEAD6-565A-4131-9862-3025D6C08C2C}.Ad-Hoc|Any CPU.ActiveCfg = Release|Any CPU
		{523DEAD6-565A-4131-9862-3025D6C08C2C}.Ad-Hoc|Any CPU.Build.0 = Release|Any CPU
		{523DEAD6-565A-4131-9862-3025D6C08C2C}.Ad-Hoc|ARM.ActiveCfg = Release|Any CPU
		{523DEAD6-565A-4131-9862-3025D6C08C2C}.Ad-Hoc|ARM.Build.0 = Release|Any CPU
		{523DEAD6-565A-4131-9862-3025D6C08C2C}.Ad-Hoc|iPhone.ActiveCfg = Release|Any CPU
		{523DEAD6-565A-4131-9862-3025D6C08C2C}.Ad-Hoc|iPhone.Build.0 = Release|Any CPU
		{523DEAD6-565A-4131-9862-3025D6C08C2C}.Ad-Hoc|iPhoneSimulator.ActiveCfg = Release|Any CPU
		{523DEAD6-565A-4131-9862-3025D6C08C2C}.Ad-Hoc|iPhoneSimulator.Build.0 = Release|Any CPU
		{523DEAD6-565A-4131-9862-3025D6C08C2C}.Ad-Hoc|x64.ActiveCfg = Release|Any CPU
		{523DEAD6-565A-4131-9862-3025D6C08C2C}.Ad-Hoc|x64.Build.0 = Release|Any CPU
		{523DEAD6-565A-4131-9862-3025D6C08C2C}.Ad-Hoc|x86.ActiveCfg = Release|Any CPU
		{523DEAD6-565A-4131-9862-3025D6C08C2C}.Ad-Hoc|x86.Build.0 = Release|Any CPU
		{523DEAD6-565A-4131-9862-3025D6C08C2C}.AppStore|Any CPU.ActiveCfg = Release|Any CPU
		{523DEAD6-565A-4131-9862-3025D6C08C2C}.AppStore|Any CPU.Build.0 = Release|Any CPU
		{523DEAD6-565A-4131-9862-3025D6C08C2C}.AppStore|ARM.ActiveCfg = Release|Any CPU
		{523DEAD6-565A-4131-9862-3025D6C08C2C}.AppStore|ARM.Build.0 = Release|Any CPU
		{523DEAD6-565A-4131-9862-3025D6C08C2C}.AppStore|iPhone.ActiveCfg = Release|Any CPU
		{523DEAD6-565A-4131-9862-3025D6C08C2C}.AppStore|iPhone.Build.0 = Release|Any CPU
		{523DEAD6-565A-4131-9862-3025D6C08C2C}.AppStore|iPhoneSimulator.ActiveCfg = Release|Any CPU
		{523DEAD6-565A-4131-9862-3025D6C08C2C}.AppStore|iPhoneSimulator.Build.0 = Release|Any CPU
		{523DEAD6-565A-4131-9862-3025D6C08C2C}.AppStore|x64.ActiveCfg = Release|Any CPU
		{523DEAD6-565A-4131-9862-3025D6C08C2C}.AppStore|x64.Build.0 = Release|Any CPU
		{523DEAD6-565A-4131-9862-3025D6C08C2C}.AppStore|x86.ActiveCfg = Release|Any CPU
		{523DEAD6-565A-4131-9862-3025D6C08C2C}.AppStore|x86.Build.0 = Release|Any CPU
		{523DEAD6-565A-4131-9862-3025D6C08C2C}.Debug|Any CPU.ActiveCfg = Debug|Any CPU
		{523DEAD6-565A-4131-9862-3025D6C08C2C}.Debug|Any CPU.Build.0 = Debug|Any CPU
		{523DEAD6-565A-4131-9862-3025D6C08C2C}.Debug|ARM.ActiveCfg = Debug|Any CPU
		{523DEAD6-565A-4131-9862-3025D6C08C2C}.Debug|ARM.Build.0 = Debug|Any CPU
		{523DEAD6-565A-4131-9862-3025D6C08C2C}.Debug|iPhone.ActiveCfg = Debug|Any CPU
		{523DEAD6-565A-4131-9862-3025D6C08C2C}.Debug|iPhone.Build.0 = Debug|Any CPU
		{523DEAD6-565A-4131-9862-3025D6C08C2C}.Debug|iPhoneSimulator.ActiveCfg = Debug|Any CPU
		{523DEAD6-565A-4131-9862-3025D6C08C2C}.Debug|iPhoneSimulator.Build.0 = Debug|Any CPU
		{523DEAD6-565A-4131-9862-3025D6C08C2C}.Debug|x64.ActiveCfg = Debug|Any CPU
		{523DEAD6-565A-4131-9862-3025D6C08C2C}.Debug|x64.Build.0 = Debug|Any CPU
		{523DEAD6-565A-4131-9862-3025D6C08C2C}.Debug|x86.ActiveCfg = Debug|Any CPU
		{523DEAD6-565A-4131-9862-3025D6C08C2C}.Debug|x86.Build.0 = Debug|Any CPU
		{523DEAD6-565A-4131-9862-3025D6C08C2C}.Release|Any CPU.ActiveCfg = Release|Any CPU
		{523DEAD6-565A-4131-9862-3025D6C08C2C}.Release|Any CPU.Build.0 = Release|Any CPU
		{523DEAD6-565A-4131-9862-3025D6C08C2C}.Release|ARM.ActiveCfg = Release|Any CPU
		{523DEAD6-565A-4131-9862-3025D6C08C2C}.Release|ARM.Build.0 = Release|Any CPU
		{523DEAD6-565A-4131-9862-3025D6C08C2C}.Release|iPhone.ActiveCfg = Release|Any CPU
		{523DEAD6-565A-4131-9862-3025D6C08C2C}.Release|iPhone.Build.0 = Release|Any CPU
		{523DEAD6-565A-4131-9862-3025D6C08C2C}.Release|iPhoneSimulator.ActiveCfg = Release|Any CPU
		{523DEAD6-565A-4131-9862-3025D6C08C2C}.Release|iPhoneSimulator.Build.0 = Release|Any CPU
		{523DEAD6-565A-4131-9862-3025D6C08C2C}.Release|x64.ActiveCfg = Release|Any CPU
		{523DEAD6-565A-4131-9862-3025D6C08C2C}.Release|x64.Build.0 = Release|Any CPU
		{523DEAD6-565A-4131-9862-3025D6C08C2C}.Release|x86.ActiveCfg = Release|Any CPU
		{523DEAD6-565A-4131-9862-3025D6C08C2C}.Release|x86.Build.0 = Release|Any CPU
		{D8414C1B-0762-4782-AEE1-F15935F640FE}.Ad-Hoc|Any CPU.ActiveCfg = Release|Any CPU
		{D8414C1B-0762-4782-AEE1-F15935F640FE}.Ad-Hoc|Any CPU.Build.0 = Release|Any CPU
		{D8414C1B-0762-4782-AEE1-F15935F640FE}.Ad-Hoc|ARM.ActiveCfg = Release|Any CPU
		{D8414C1B-0762-4782-AEE1-F15935F640FE}.Ad-Hoc|ARM.Build.0 = Release|Any CPU
		{D8414C1B-0762-4782-AEE1-F15935F640FE}.Ad-Hoc|iPhone.ActiveCfg = Release|Any CPU
		{D8414C1B-0762-4782-AEE1-F15935F640FE}.Ad-Hoc|iPhone.Build.0 = Release|Any CPU
		{D8414C1B-0762-4782-AEE1-F15935F640FE}.Ad-Hoc|iPhoneSimulator.ActiveCfg = Release|Any CPU
		{D8414C1B-0762-4782-AEE1-F15935F640FE}.Ad-Hoc|iPhoneSimulator.Build.0 = Release|Any CPU
		{D8414C1B-0762-4782-AEE1-F15935F640FE}.Ad-Hoc|x64.ActiveCfg = Release|Any CPU
		{D8414C1B-0762-4782-AEE1-F15935F640FE}.Ad-Hoc|x64.Build.0 = Release|Any CPU
		{D8414C1B-0762-4782-AEE1-F15935F640FE}.Ad-Hoc|x86.ActiveCfg = Release|Any CPU
		{D8414C1B-0762-4782-AEE1-F15935F640FE}.Ad-Hoc|x86.Build.0 = Release|Any CPU
		{D8414C1B-0762-4782-AEE1-F15935F640FE}.AppStore|Any CPU.ActiveCfg = Release|Any CPU
		{D8414C1B-0762-4782-AEE1-F15935F640FE}.AppStore|Any CPU.Build.0 = Release|Any CPU
		{D8414C1B-0762-4782-AEE1-F15935F640FE}.AppStore|ARM.ActiveCfg = Release|Any CPU
		{D8414C1B-0762-4782-AEE1-F15935F640FE}.AppStore|ARM.Build.0 = Release|Any CPU
		{D8414C1B-0762-4782-AEE1-F15935F640FE}.AppStore|iPhone.ActiveCfg = Release|Any CPU
		{D8414C1B-0762-4782-AEE1-F15935F640FE}.AppStore|iPhone.Build.0 = Release|Any CPU
		{D8414C1B-0762-4782-AEE1-F15935F640FE}.AppStore|iPhoneSimulator.ActiveCfg = Release|Any CPU
		{D8414C1B-0762-4782-AEE1-F15935F640FE}.AppStore|iPhoneSimulator.Build.0 = Release|Any CPU
		{D8414C1B-0762-4782-AEE1-F15935F640FE}.AppStore|x64.ActiveCfg = Release|Any CPU
		{D8414C1B-0762-4782-AEE1-F15935F640FE}.AppStore|x64.Build.0 = Release|Any CPU
		{D8414C1B-0762-4782-AEE1-F15935F640FE}.AppStore|x86.ActiveCfg = Release|Any CPU
		{D8414C1B-0762-4782-AEE1-F15935F640FE}.AppStore|x86.Build.0 = Release|Any CPU
		{D8414C1B-0762-4782-AEE1-F15935F640FE}.Debug|Any CPU.ActiveCfg = Debug|Any CPU
		{D8414C1B-0762-4782-AEE1-F15935F640FE}.Debug|Any CPU.Build.0 = Debug|Any CPU
		{D8414C1B-0762-4782-AEE1-F15935F640FE}.Debug|ARM.ActiveCfg = Debug|Any CPU
		{D8414C1B-0762-4782-AEE1-F15935F640FE}.Debug|ARM.Build.0 = Debug|Any CPU
		{D8414C1B-0762-4782-AEE1-F15935F640FE}.Debug|iPhone.ActiveCfg = Debug|Any CPU
		{D8414C1B-0762-4782-AEE1-F15935F640FE}.Debug|iPhone.Build.0 = Debug|Any CPU
		{D8414C1B-0762-4782-AEE1-F15935F640FE}.Debug|iPhoneSimulator.ActiveCfg = Debug|Any CPU
		{D8414C1B-0762-4782-AEE1-F15935F640FE}.Debug|iPhoneSimulator.Build.0 = Debug|Any CPU
		{D8414C1B-0762-4782-AEE1-F15935F640FE}.Debug|x64.ActiveCfg = Debug|Any CPU
		{D8414C1B-0762-4782-AEE1-F15935F640FE}.Debug|x64.Build.0 = Debug|Any CPU
		{D8414C1B-0762-4782-AEE1-F15935F640FE}.Debug|x86.ActiveCfg = Debug|Any CPU
		{D8414C1B-0762-4782-AEE1-F15935F640FE}.Debug|x86.Build.0 = Debug|Any CPU
		{D8414C1B-0762-4782-AEE1-F15935F640FE}.Release|Any CPU.ActiveCfg = Release|Any CPU
		{D8414C1B-0762-4782-AEE1-F15935F640FE}.Release|Any CPU.Build.0 = Release|Any CPU
		{D8414C1B-0762-4782-AEE1-F15935F640FE}.Release|ARM.ActiveCfg = Release|Any CPU
		{D8414C1B-0762-4782-AEE1-F15935F640FE}.Release|ARM.Build.0 = Release|Any CPU
		{D8414C1B-0762-4782-AEE1-F15935F640FE}.Release|iPhone.ActiveCfg = Release|Any CPU
		{D8414C1B-0762-4782-AEE1-F15935F640FE}.Release|iPhone.Build.0 = Release|Any CPU
		{D8414C1B-0762-4782-AEE1-F15935F640FE}.Release|iPhoneSimulator.ActiveCfg = Release|Any CPU
		{D8414C1B-0762-4782-AEE1-F15935F640FE}.Release|iPhoneSimulator.Build.0 = Release|Any CPU
		{D8414C1B-0762-4782-AEE1-F15935F640FE}.Release|x64.ActiveCfg = Release|Any CPU
		{D8414C1B-0762-4782-AEE1-F15935F640FE}.Release|x64.Build.0 = Release|Any CPU
		{D8414C1B-0762-4782-AEE1-F15935F640FE}.Release|x86.ActiveCfg = Release|Any CPU
		{D8414C1B-0762-4782-AEE1-F15935F640FE}.Release|x86.Build.0 = Release|Any CPU
		{4D4F1999-6E41-42EA-ADC5-E0B52EDB5CCF}.Ad-Hoc|Any CPU.ActiveCfg = Release|Any CPU
		{4D4F1999-6E41-42EA-ADC5-E0B52EDB5CCF}.Ad-Hoc|Any CPU.Build.0 = Release|Any CPU
		{4D4F1999-6E41-42EA-ADC5-E0B52EDB5CCF}.Ad-Hoc|ARM.ActiveCfg = Release|Any CPU
		{4D4F1999-6E41-42EA-ADC5-E0B52EDB5CCF}.Ad-Hoc|ARM.Build.0 = Release|Any CPU
		{4D4F1999-6E41-42EA-ADC5-E0B52EDB5CCF}.Ad-Hoc|iPhone.ActiveCfg = Release|Any CPU
		{4D4F1999-6E41-42EA-ADC5-E0B52EDB5CCF}.Ad-Hoc|iPhone.Build.0 = Release|Any CPU
		{4D4F1999-6E41-42EA-ADC5-E0B52EDB5CCF}.Ad-Hoc|iPhoneSimulator.ActiveCfg = Release|Any CPU
		{4D4F1999-6E41-42EA-ADC5-E0B52EDB5CCF}.Ad-Hoc|iPhoneSimulator.Build.0 = Release|Any CPU
		{4D4F1999-6E41-42EA-ADC5-E0B52EDB5CCF}.Ad-Hoc|x64.ActiveCfg = Release|Any CPU
		{4D4F1999-6E41-42EA-ADC5-E0B52EDB5CCF}.Ad-Hoc|x64.Build.0 = Release|Any CPU
		{4D4F1999-6E41-42EA-ADC5-E0B52EDB5CCF}.Ad-Hoc|x86.ActiveCfg = Release|Any CPU
		{4D4F1999-6E41-42EA-ADC5-E0B52EDB5CCF}.Ad-Hoc|x86.Build.0 = Release|Any CPU
		{4D4F1999-6E41-42EA-ADC5-E0B52EDB5CCF}.AppStore|Any CPU.ActiveCfg = Release|Any CPU
		{4D4F1999-6E41-42EA-ADC5-E0B52EDB5CCF}.AppStore|Any CPU.Build.0 = Release|Any CPU
		{4D4F1999-6E41-42EA-ADC5-E0B52EDB5CCF}.AppStore|ARM.ActiveCfg = Release|Any CPU
		{4D4F1999-6E41-42EA-ADC5-E0B52EDB5CCF}.AppStore|ARM.Build.0 = Release|Any CPU
		{4D4F1999-6E41-42EA-ADC5-E0B52EDB5CCF}.AppStore|iPhone.ActiveCfg = Release|Any CPU
		{4D4F1999-6E41-42EA-ADC5-E0B52EDB5CCF}.AppStore|iPhone.Build.0 = Release|Any CPU
		{4D4F1999-6E41-42EA-ADC5-E0B52EDB5CCF}.AppStore|iPhoneSimulator.ActiveCfg = Release|Any CPU
		{4D4F1999-6E41-42EA-ADC5-E0B52EDB5CCF}.AppStore|iPhoneSimulator.Build.0 = Release|Any CPU
		{4D4F1999-6E41-42EA-ADC5-E0B52EDB5CCF}.AppStore|x64.ActiveCfg = Release|Any CPU
		{4D4F1999-6E41-42EA-ADC5-E0B52EDB5CCF}.AppStore|x64.Build.0 = Release|Any CPU
		{4D4F1999-6E41-42EA-ADC5-E0B52EDB5CCF}.AppStore|x86.ActiveCfg = Release|Any CPU
		{4D4F1999-6E41-42EA-ADC5-E0B52EDB5CCF}.AppStore|x86.Build.0 = Release|Any CPU
		{4D4F1999-6E41-42EA-ADC5-E0B52EDB5CCF}.Debug|Any CPU.ActiveCfg = Debug|Any CPU
		{4D4F1999-6E41-42EA-ADC5-E0B52EDB5CCF}.Debug|Any CPU.Build.0 = Debug|Any CPU
		{4D4F1999-6E41-42EA-ADC5-E0B52EDB5CCF}.Debug|ARM.ActiveCfg = Debug|Any CPU
		{4D4F1999-6E41-42EA-ADC5-E0B52EDB5CCF}.Debug|ARM.Build.0 = Debug|Any CPU
		{4D4F1999-6E41-42EA-ADC5-E0B52EDB5CCF}.Debug|iPhone.ActiveCfg = Debug|Any CPU
		{4D4F1999-6E41-42EA-ADC5-E0B52EDB5CCF}.Debug|iPhone.Build.0 = Debug|Any CPU
		{4D4F1999-6E41-42EA-ADC5-E0B52EDB5CCF}.Debug|iPhoneSimulator.ActiveCfg = Debug|Any CPU
		{4D4F1999-6E41-42EA-ADC5-E0B52EDB5CCF}.Debug|iPhoneSimulator.Build.0 = Debug|Any CPU
		{4D4F1999-6E41-42EA-ADC5-E0B52EDB5CCF}.Debug|x64.ActiveCfg = Debug|Any CPU
		{4D4F1999-6E41-42EA-ADC5-E0B52EDB5CCF}.Debug|x64.Build.0 = Debug|Any CPU
		{4D4F1999-6E41-42EA-ADC5-E0B52EDB5CCF}.Debug|x86.ActiveCfg = Debug|Any CPU
		{4D4F1999-6E41-42EA-ADC5-E0B52EDB5CCF}.Debug|x86.Build.0 = Debug|Any CPU
		{4D4F1999-6E41-42EA-ADC5-E0B52EDB5CCF}.Release|Any CPU.ActiveCfg = Release|Any CPU
		{4D4F1999-6E41-42EA-ADC5-E0B52EDB5CCF}.Release|Any CPU.Build.0 = Release|Any CPU
		{4D4F1999-6E41-42EA-ADC5-E0B52EDB5CCF}.Release|ARM.ActiveCfg = Release|Any CPU
		{4D4F1999-6E41-42EA-ADC5-E0B52EDB5CCF}.Release|ARM.Build.0 = Release|Any CPU
		{4D4F1999-6E41-42EA-ADC5-E0B52EDB5CCF}.Release|iPhone.ActiveCfg = Release|Any CPU
		{4D4F1999-6E41-42EA-ADC5-E0B52EDB5CCF}.Release|iPhone.Build.0 = Release|Any CPU
		{4D4F1999-6E41-42EA-ADC5-E0B52EDB5CCF}.Release|iPhoneSimulator.ActiveCfg = Release|Any CPU
		{4D4F1999-6E41-42EA-ADC5-E0B52EDB5CCF}.Release|iPhoneSimulator.Build.0 = Release|Any CPU
		{4D4F1999-6E41-42EA-ADC5-E0B52EDB5CCF}.Release|x64.ActiveCfg = Release|Any CPU
		{4D4F1999-6E41-42EA-ADC5-E0B52EDB5CCF}.Release|x64.Build.0 = Release|Any CPU
		{4D4F1999-6E41-42EA-ADC5-E0B52EDB5CCF}.Release|x86.ActiveCfg = Release|Any CPU
		{4D4F1999-6E41-42EA-ADC5-E0B52EDB5CCF}.Release|x86.Build.0 = Release|Any CPU
		{59603108-3491-4D8B-A490-C630E39D0576}.Ad-Hoc|Any CPU.ActiveCfg = Release|Any CPU
		{59603108-3491-4D8B-A490-C630E39D0576}.Ad-Hoc|Any CPU.Build.0 = Release|Any CPU
		{59603108-3491-4D8B-A490-C630E39D0576}.Ad-Hoc|ARM.ActiveCfg = Release|Any CPU
		{59603108-3491-4D8B-A490-C630E39D0576}.Ad-Hoc|ARM.Build.0 = Release|Any CPU
		{59603108-3491-4D8B-A490-C630E39D0576}.Ad-Hoc|iPhone.ActiveCfg = Release|Any CPU
		{59603108-3491-4D8B-A490-C630E39D0576}.Ad-Hoc|iPhone.Build.0 = Release|Any CPU
		{59603108-3491-4D8B-A490-C630E39D0576}.Ad-Hoc|iPhoneSimulator.ActiveCfg = Release|Any CPU
		{59603108-3491-4D8B-A490-C630E39D0576}.Ad-Hoc|iPhoneSimulator.Build.0 = Release|Any CPU
		{59603108-3491-4D8B-A490-C630E39D0576}.Ad-Hoc|x64.ActiveCfg = Release|Any CPU
		{59603108-3491-4D8B-A490-C630E39D0576}.Ad-Hoc|x64.Build.0 = Release|Any CPU
		{59603108-3491-4D8B-A490-C630E39D0576}.Ad-Hoc|x86.ActiveCfg = Release|Any CPU
		{59603108-3491-4D8B-A490-C630E39D0576}.Ad-Hoc|x86.Build.0 = Release|Any CPU
		{59603108-3491-4D8B-A490-C630E39D0576}.AppStore|Any CPU.ActiveCfg = Release|Any CPU
		{59603108-3491-4D8B-A490-C630E39D0576}.AppStore|Any CPU.Build.0 = Release|Any CPU
		{59603108-3491-4D8B-A490-C630E39D0576}.AppStore|ARM.ActiveCfg = Release|Any CPU
		{59603108-3491-4D8B-A490-C630E39D0576}.AppStore|ARM.Build.0 = Release|Any CPU
		{59603108-3491-4D8B-A490-C630E39D0576}.AppStore|iPhone.ActiveCfg = Release|Any CPU
		{59603108-3491-4D8B-A490-C630E39D0576}.AppStore|iPhone.Build.0 = Release|Any CPU
		{59603108-3491-4D8B-A490-C630E39D0576}.AppStore|iPhoneSimulator.ActiveCfg = Release|Any CPU
		{59603108-3491-4D8B-A490-C630E39D0576}.AppStore|iPhoneSimulator.Build.0 = Release|Any CPU
		{59603108-3491-4D8B-A490-C630E39D0576}.AppStore|x64.ActiveCfg = Release|Any CPU
		{59603108-3491-4D8B-A490-C630E39D0576}.AppStore|x64.Build.0 = Release|Any CPU
		{59603108-3491-4D8B-A490-C630E39D0576}.AppStore|x86.ActiveCfg = Release|Any CPU
		{59603108-3491-4D8B-A490-C630E39D0576}.AppStore|x86.Build.0 = Release|Any CPU
		{59603108-3491-4D8B-A490-C630E39D0576}.Debug|Any CPU.ActiveCfg = Debug|Any CPU
		{59603108-3491-4D8B-A490-C630E39D0576}.Debug|Any CPU.Build.0 = Debug|Any CPU
		{59603108-3491-4D8B-A490-C630E39D0576}.Debug|ARM.ActiveCfg = Debug|Any CPU
		{59603108-3491-4D8B-A490-C630E39D0576}.Debug|ARM.Build.0 = Debug|Any CPU
		{59603108-3491-4D8B-A490-C630E39D0576}.Debug|iPhone.ActiveCfg = Debug|Any CPU
		{59603108-3491-4D8B-A490-C630E39D0576}.Debug|iPhone.Build.0 = Debug|Any CPU
		{59603108-3491-4D8B-A490-C630E39D0576}.Debug|iPhoneSimulator.ActiveCfg = Debug|Any CPU
		{59603108-3491-4D8B-A490-C630E39D0576}.Debug|iPhoneSimulator.Build.0 = Debug|Any CPU
		{59603108-3491-4D8B-A490-C630E39D0576}.Debug|x64.ActiveCfg = Debug|Any CPU
		{59603108-3491-4D8B-A490-C630E39D0576}.Debug|x64.Build.0 = Debug|Any CPU
		{59603108-3491-4D8B-A490-C630E39D0576}.Debug|x86.ActiveCfg = Debug|Any CPU
		{59603108-3491-4D8B-A490-C630E39D0576}.Debug|x86.Build.0 = Debug|Any CPU
		{59603108-3491-4D8B-A490-C630E39D0576}.Release|Any CPU.ActiveCfg = Release|Any CPU
		{59603108-3491-4D8B-A490-C630E39D0576}.Release|Any CPU.Build.0 = Release|Any CPU
		{59603108-3491-4D8B-A490-C630E39D0576}.Release|ARM.ActiveCfg = Release|Any CPU
		{59603108-3491-4D8B-A490-C630E39D0576}.Release|ARM.Build.0 = Release|Any CPU
		{59603108-3491-4D8B-A490-C630E39D0576}.Release|iPhone.ActiveCfg = Release|Any CPU
		{59603108-3491-4D8B-A490-C630E39D0576}.Release|iPhone.Build.0 = Release|Any CPU
		{59603108-3491-4D8B-A490-C630E39D0576}.Release|iPhoneSimulator.ActiveCfg = Release|Any CPU
		{59603108-3491-4D8B-A490-C630E39D0576}.Release|iPhoneSimulator.Build.0 = Release|Any CPU
		{59603108-3491-4D8B-A490-C630E39D0576}.Release|x64.ActiveCfg = Release|Any CPU
		{59603108-3491-4D8B-A490-C630E39D0576}.Release|x64.Build.0 = Release|Any CPU
		{59603108-3491-4D8B-A490-C630E39D0576}.Release|x86.ActiveCfg = Release|Any CPU
		{59603108-3491-4D8B-A490-C630E39D0576}.Release|x86.Build.0 = Release|Any CPU
		{320CE670-06AA-493E-BF9F-E2B98C833C94}.Ad-Hoc|Any CPU.ActiveCfg = Release|Any CPU
		{320CE670-06AA-493E-BF9F-E2B98C833C94}.Ad-Hoc|Any CPU.Build.0 = Release|Any CPU
		{320CE670-06AA-493E-BF9F-E2B98C833C94}.Ad-Hoc|Any CPU.Deploy.0 = Release|Any CPU
		{320CE670-06AA-493E-BF9F-E2B98C833C94}.Ad-Hoc|ARM.ActiveCfg = Release|Any CPU
		{320CE670-06AA-493E-BF9F-E2B98C833C94}.Ad-Hoc|ARM.Build.0 = Release|Any CPU
		{320CE670-06AA-493E-BF9F-E2B98C833C94}.Ad-Hoc|ARM.Deploy.0 = Release|Any CPU
		{320CE670-06AA-493E-BF9F-E2B98C833C94}.Ad-Hoc|iPhone.ActiveCfg = Release|Any CPU
		{320CE670-06AA-493E-BF9F-E2B98C833C94}.Ad-Hoc|iPhone.Build.0 = Release|Any CPU
		{320CE670-06AA-493E-BF9F-E2B98C833C94}.Ad-Hoc|iPhone.Deploy.0 = Release|Any CPU
		{320CE670-06AA-493E-BF9F-E2B98C833C94}.Ad-Hoc|iPhoneSimulator.ActiveCfg = Release|Any CPU
		{320CE670-06AA-493E-BF9F-E2B98C833C94}.Ad-Hoc|iPhoneSimulator.Build.0 = Release|Any CPU
		{320CE670-06AA-493E-BF9F-E2B98C833C94}.Ad-Hoc|iPhoneSimulator.Deploy.0 = Release|Any CPU
		{320CE670-06AA-493E-BF9F-E2B98C833C94}.Ad-Hoc|x64.ActiveCfg = Release|Any CPU
		{320CE670-06AA-493E-BF9F-E2B98C833C94}.Ad-Hoc|x64.Build.0 = Release|Any CPU
		{320CE670-06AA-493E-BF9F-E2B98C833C94}.Ad-Hoc|x64.Deploy.0 = Release|Any CPU
		{320CE670-06AA-493E-BF9F-E2B98C833C94}.Ad-Hoc|x86.ActiveCfg = Release|Any CPU
		{320CE670-06AA-493E-BF9F-E2B98C833C94}.Ad-Hoc|x86.Build.0 = Release|Any CPU
		{320CE670-06AA-493E-BF9F-E2B98C833C94}.Ad-Hoc|x86.Deploy.0 = Release|Any CPU
		{320CE670-06AA-493E-BF9F-E2B98C833C94}.AppStore|Any CPU.ActiveCfg = Release|Any CPU
		{320CE670-06AA-493E-BF9F-E2B98C833C94}.AppStore|Any CPU.Build.0 = Release|Any CPU
		{320CE670-06AA-493E-BF9F-E2B98C833C94}.AppStore|Any CPU.Deploy.0 = Release|Any CPU
		{320CE670-06AA-493E-BF9F-E2B98C833C94}.AppStore|ARM.ActiveCfg = Release|Any CPU
		{320CE670-06AA-493E-BF9F-E2B98C833C94}.AppStore|ARM.Build.0 = Release|Any CPU
		{320CE670-06AA-493E-BF9F-E2B98C833C94}.AppStore|ARM.Deploy.0 = Release|Any CPU
		{320CE670-06AA-493E-BF9F-E2B98C833C94}.AppStore|iPhone.ActiveCfg = Release|Any CPU
		{320CE670-06AA-493E-BF9F-E2B98C833C94}.AppStore|iPhone.Build.0 = Release|Any CPU
		{320CE670-06AA-493E-BF9F-E2B98C833C94}.AppStore|iPhone.Deploy.0 = Release|Any CPU
		{320CE670-06AA-493E-BF9F-E2B98C833C94}.AppStore|iPhoneSimulator.ActiveCfg = Release|Any CPU
		{320CE670-06AA-493E-BF9F-E2B98C833C94}.AppStore|iPhoneSimulator.Build.0 = Release|Any CPU
		{320CE670-06AA-493E-BF9F-E2B98C833C94}.AppStore|iPhoneSimulator.Deploy.0 = Release|Any CPU
		{320CE670-06AA-493E-BF9F-E2B98C833C94}.AppStore|x64.ActiveCfg = Release|Any CPU
		{320CE670-06AA-493E-BF9F-E2B98C833C94}.AppStore|x64.Build.0 = Release|Any CPU
		{320CE670-06AA-493E-BF9F-E2B98C833C94}.AppStore|x64.Deploy.0 = Release|Any CPU
		{320CE670-06AA-493E-BF9F-E2B98C833C94}.AppStore|x86.ActiveCfg = Release|Any CPU
		{320CE670-06AA-493E-BF9F-E2B98C833C94}.AppStore|x86.Build.0 = Release|Any CPU
		{320CE670-06AA-493E-BF9F-E2B98C833C94}.AppStore|x86.Deploy.0 = Release|Any CPU
		{320CE670-06AA-493E-BF9F-E2B98C833C94}.Debug|Any CPU.ActiveCfg = Debug|Any CPU
		{320CE670-06AA-493E-BF9F-E2B98C833C94}.Debug|Any CPU.Build.0 = Debug|Any CPU
		{320CE670-06AA-493E-BF9F-E2B98C833C94}.Debug|Any CPU.Deploy.0 = Debug|Any CPU
		{320CE670-06AA-493E-BF9F-E2B98C833C94}.Debug|ARM.ActiveCfg = Debug|Any CPU
		{320CE670-06AA-493E-BF9F-E2B98C833C94}.Debug|ARM.Build.0 = Debug|Any CPU
		{320CE670-06AA-493E-BF9F-E2B98C833C94}.Debug|ARM.Deploy.0 = Debug|Any CPU
		{320CE670-06AA-493E-BF9F-E2B98C833C94}.Debug|iPhone.ActiveCfg = Debug|Any CPU
		{320CE670-06AA-493E-BF9F-E2B98C833C94}.Debug|iPhone.Build.0 = Debug|Any CPU
		{320CE670-06AA-493E-BF9F-E2B98C833C94}.Debug|iPhone.Deploy.0 = Debug|Any CPU
		{320CE670-06AA-493E-BF9F-E2B98C833C94}.Debug|iPhoneSimulator.ActiveCfg = Debug|Any CPU
		{320CE670-06AA-493E-BF9F-E2B98C833C94}.Debug|iPhoneSimulator.Build.0 = Debug|Any CPU
		{320CE670-06AA-493E-BF9F-E2B98C833C94}.Debug|iPhoneSimulator.Deploy.0 = Debug|Any CPU
		{320CE670-06AA-493E-BF9F-E2B98C833C94}.Debug|x64.ActiveCfg = Debug|Any CPU
		{320CE670-06AA-493E-BF9F-E2B98C833C94}.Debug|x64.Build.0 = Debug|Any CPU
		{320CE670-06AA-493E-BF9F-E2B98C833C94}.Debug|x64.Deploy.0 = Debug|Any CPU
		{320CE670-06AA-493E-BF9F-E2B98C833C94}.Debug|x86.ActiveCfg = Debug|Any CPU
		{320CE670-06AA-493E-BF9F-E2B98C833C94}.Debug|x86.Build.0 = Debug|Any CPU
		{320CE670-06AA-493E-BF9F-E2B98C833C94}.Debug|x86.Deploy.0 = Debug|Any CPU
		{320CE670-06AA-493E-BF9F-E2B98C833C94}.Release|Any CPU.ActiveCfg = Release|Any CPU
		{320CE670-06AA-493E-BF9F-E2B98C833C94}.Release|Any CPU.Build.0 = Release|Any CPU
		{320CE670-06AA-493E-BF9F-E2B98C833C94}.Release|Any CPU.Deploy.0 = Release|Any CPU
		{320CE670-06AA-493E-BF9F-E2B98C833C94}.Release|ARM.ActiveCfg = Release|Any CPU
		{320CE670-06AA-493E-BF9F-E2B98C833C94}.Release|ARM.Build.0 = Release|Any CPU
		{320CE670-06AA-493E-BF9F-E2B98C833C94}.Release|ARM.Deploy.0 = Release|Any CPU
		{320CE670-06AA-493E-BF9F-E2B98C833C94}.Release|iPhone.ActiveCfg = Release|Any CPU
		{320CE670-06AA-493E-BF9F-E2B98C833C94}.Release|iPhone.Build.0 = Release|Any CPU
		{320CE670-06AA-493E-BF9F-E2B98C833C94}.Release|iPhone.Deploy.0 = Release|Any CPU
		{320CE670-06AA-493E-BF9F-E2B98C833C94}.Release|iPhoneSimulator.ActiveCfg = Release|Any CPU
		{320CE670-06AA-493E-BF9F-E2B98C833C94}.Release|iPhoneSimulator.Build.0 = Release|Any CPU
		{320CE670-06AA-493E-BF9F-E2B98C833C94}.Release|iPhoneSimulator.Deploy.0 = Release|Any CPU
		{320CE670-06AA-493E-BF9F-E2B98C833C94}.Release|x64.ActiveCfg = Release|Any CPU
		{320CE670-06AA-493E-BF9F-E2B98C833C94}.Release|x64.Build.0 = Release|Any CPU
		{320CE670-06AA-493E-BF9F-E2B98C833C94}.Release|x64.Deploy.0 = Release|Any CPU
		{320CE670-06AA-493E-BF9F-E2B98C833C94}.Release|x86.ActiveCfg = Release|Any CPU
		{320CE670-06AA-493E-BF9F-E2B98C833C94}.Release|x86.Build.0 = Release|Any CPU
		{320CE670-06AA-493E-BF9F-E2B98C833C94}.Release|x86.Deploy.0 = Release|Any CPU
		{6A24FB0F-9874-4B37-BBCA-4EFDF1E49F1F}.Ad-Hoc|Any CPU.ActiveCfg = Ad-Hoc|iPhone
		{6A24FB0F-9874-4B37-BBCA-4EFDF1E49F1F}.Ad-Hoc|ARM.ActiveCfg = Ad-Hoc|iPhone
		{6A24FB0F-9874-4B37-BBCA-4EFDF1E49F1F}.Ad-Hoc|iPhone.ActiveCfg = Ad-Hoc|iPhone
		{6A24FB0F-9874-4B37-BBCA-4EFDF1E49F1F}.Ad-Hoc|iPhone.Build.0 = Ad-Hoc|iPhone
		{6A24FB0F-9874-4B37-BBCA-4EFDF1E49F1F}.Ad-Hoc|iPhoneSimulator.ActiveCfg = Ad-Hoc|iPhoneSimulator
		{6A24FB0F-9874-4B37-BBCA-4EFDF1E49F1F}.Ad-Hoc|iPhoneSimulator.Build.0 = Ad-Hoc|iPhoneSimulator
		{6A24FB0F-9874-4B37-BBCA-4EFDF1E49F1F}.Ad-Hoc|x64.ActiveCfg = Ad-Hoc|iPhone
		{6A24FB0F-9874-4B37-BBCA-4EFDF1E49F1F}.Ad-Hoc|x86.ActiveCfg = Ad-Hoc|iPhone
		{6A24FB0F-9874-4B37-BBCA-4EFDF1E49F1F}.AppStore|Any CPU.ActiveCfg = AppStore|iPhone
		{6A24FB0F-9874-4B37-BBCA-4EFDF1E49F1F}.AppStore|ARM.ActiveCfg = AppStore|iPhone
		{6A24FB0F-9874-4B37-BBCA-4EFDF1E49F1F}.AppStore|iPhone.ActiveCfg = AppStore|iPhone
		{6A24FB0F-9874-4B37-BBCA-4EFDF1E49F1F}.AppStore|iPhone.Build.0 = AppStore|iPhone
		{6A24FB0F-9874-4B37-BBCA-4EFDF1E49F1F}.AppStore|iPhoneSimulator.ActiveCfg = AppStore|iPhoneSimulator
		{6A24FB0F-9874-4B37-BBCA-4EFDF1E49F1F}.AppStore|iPhoneSimulator.Build.0 = AppStore|iPhoneSimulator
		{6A24FB0F-9874-4B37-BBCA-4EFDF1E49F1F}.AppStore|x64.ActiveCfg = AppStore|iPhone
		{6A24FB0F-9874-4B37-BBCA-4EFDF1E49F1F}.AppStore|x86.ActiveCfg = AppStore|iPhone
		{6A24FB0F-9874-4B37-BBCA-4EFDF1E49F1F}.Debug|Any CPU.ActiveCfg = Debug|iPhone
		{6A24FB0F-9874-4B37-BBCA-4EFDF1E49F1F}.Debug|ARM.ActiveCfg = Debug|iPhone
		{6A24FB0F-9874-4B37-BBCA-4EFDF1E49F1F}.Debug|iPhone.ActiveCfg = Debug|iPhone
		{6A24FB0F-9874-4B37-BBCA-4EFDF1E49F1F}.Debug|iPhone.Build.0 = Debug|iPhone
		{6A24FB0F-9874-4B37-BBCA-4EFDF1E49F1F}.Debug|iPhoneSimulator.ActiveCfg = Debug|iPhoneSimulator
		{6A24FB0F-9874-4B37-BBCA-4EFDF1E49F1F}.Debug|iPhoneSimulator.Build.0 = Debug|iPhoneSimulator
		{6A24FB0F-9874-4B37-BBCA-4EFDF1E49F1F}.Debug|x64.ActiveCfg = Debug|iPhone
		{6A24FB0F-9874-4B37-BBCA-4EFDF1E49F1F}.Debug|x86.ActiveCfg = Debug|iPhone
		{6A24FB0F-9874-4B37-BBCA-4EFDF1E49F1F}.Release|Any CPU.ActiveCfg = Release|iPhone
		{6A24FB0F-9874-4B37-BBCA-4EFDF1E49F1F}.Release|ARM.ActiveCfg = Release|iPhone
		{6A24FB0F-9874-4B37-BBCA-4EFDF1E49F1F}.Release|iPhone.ActiveCfg = Release|iPhone
		{6A24FB0F-9874-4B37-BBCA-4EFDF1E49F1F}.Release|iPhone.Build.0 = Release|iPhone
		{6A24FB0F-9874-4B37-BBCA-4EFDF1E49F1F}.Release|iPhoneSimulator.ActiveCfg = Release|iPhoneSimulator
		{6A24FB0F-9874-4B37-BBCA-4EFDF1E49F1F}.Release|iPhoneSimulator.Build.0 = Release|iPhoneSimulator
		{6A24FB0F-9874-4B37-BBCA-4EFDF1E49F1F}.Release|x64.ActiveCfg = Release|iPhone
		{6A24FB0F-9874-4B37-BBCA-4EFDF1E49F1F}.Release|x86.ActiveCfg = Release|iPhone
		{8184BF7F-0D26-4DD8-AE43-D9D0097CC88E}.Ad-Hoc|Any CPU.ActiveCfg = Release|x86
		{8184BF7F-0D26-4DD8-AE43-D9D0097CC88E}.Ad-Hoc|Any CPU.Build.0 = Release|x86
		{8184BF7F-0D26-4DD8-AE43-D9D0097CC88E}.Ad-Hoc|Any CPU.Deploy.0 = Release|x86
		{8184BF7F-0D26-4DD8-AE43-D9D0097CC88E}.Ad-Hoc|ARM.ActiveCfg = Release|ARM
		{8184BF7F-0D26-4DD8-AE43-D9D0097CC88E}.Ad-Hoc|ARM.Build.0 = Release|ARM
		{8184BF7F-0D26-4DD8-AE43-D9D0097CC88E}.Ad-Hoc|ARM.Deploy.0 = Release|ARM
		{8184BF7F-0D26-4DD8-AE43-D9D0097CC88E}.Ad-Hoc|iPhone.ActiveCfg = Release|x86
		{8184BF7F-0D26-4DD8-AE43-D9D0097CC88E}.Ad-Hoc|iPhone.Build.0 = Release|x86
		{8184BF7F-0D26-4DD8-AE43-D9D0097CC88E}.Ad-Hoc|iPhone.Deploy.0 = Release|x86
		{8184BF7F-0D26-4DD8-AE43-D9D0097CC88E}.Ad-Hoc|iPhoneSimulator.ActiveCfg = Release|x86
		{8184BF7F-0D26-4DD8-AE43-D9D0097CC88E}.Ad-Hoc|iPhoneSimulator.Build.0 = Release|x86
		{8184BF7F-0D26-4DD8-AE43-D9D0097CC88E}.Ad-Hoc|iPhoneSimulator.Deploy.0 = Release|x86
		{8184BF7F-0D26-4DD8-AE43-D9D0097CC88E}.Ad-Hoc|x64.ActiveCfg = Release|x64
		{8184BF7F-0D26-4DD8-AE43-D9D0097CC88E}.Ad-Hoc|x64.Build.0 = Release|x64
		{8184BF7F-0D26-4DD8-AE43-D9D0097CC88E}.Ad-Hoc|x64.Deploy.0 = Release|x64
		{8184BF7F-0D26-4DD8-AE43-D9D0097CC88E}.Ad-Hoc|x86.ActiveCfg = Release|x86
		{8184BF7F-0D26-4DD8-AE43-D9D0097CC88E}.Ad-Hoc|x86.Build.0 = Release|x86
		{8184BF7F-0D26-4DD8-AE43-D9D0097CC88E}.Ad-Hoc|x86.Deploy.0 = Release|x86
		{8184BF7F-0D26-4DD8-AE43-D9D0097CC88E}.AppStore|Any CPU.ActiveCfg = Release|x86
		{8184BF7F-0D26-4DD8-AE43-D9D0097CC88E}.AppStore|Any CPU.Build.0 = Release|x86
		{8184BF7F-0D26-4DD8-AE43-D9D0097CC88E}.AppStore|Any CPU.Deploy.0 = Release|x86
		{8184BF7F-0D26-4DD8-AE43-D9D0097CC88E}.AppStore|ARM.ActiveCfg = Release|ARM
		{8184BF7F-0D26-4DD8-AE43-D9D0097CC88E}.AppStore|ARM.Build.0 = Release|ARM
		{8184BF7F-0D26-4DD8-AE43-D9D0097CC88E}.AppStore|ARM.Deploy.0 = Release|ARM
		{8184BF7F-0D26-4DD8-AE43-D9D0097CC88E}.AppStore|iPhone.ActiveCfg = Release|x86
		{8184BF7F-0D26-4DD8-AE43-D9D0097CC88E}.AppStore|iPhone.Build.0 = Release|x86
		{8184BF7F-0D26-4DD8-AE43-D9D0097CC88E}.AppStore|iPhone.Deploy.0 = Release|x86
		{8184BF7F-0D26-4DD8-AE43-D9D0097CC88E}.AppStore|iPhoneSimulator.ActiveCfg = Release|x86
		{8184BF7F-0D26-4DD8-AE43-D9D0097CC88E}.AppStore|iPhoneSimulator.Build.0 = Release|x86
		{8184BF7F-0D26-4DD8-AE43-D9D0097CC88E}.AppStore|iPhoneSimulator.Deploy.0 = Release|x86
		{8184BF7F-0D26-4DD8-AE43-D9D0097CC88E}.AppStore|x64.ActiveCfg = Release|x64
		{8184BF7F-0D26-4DD8-AE43-D9D0097CC88E}.AppStore|x64.Build.0 = Release|x64
		{8184BF7F-0D26-4DD8-AE43-D9D0097CC88E}.AppStore|x64.Deploy.0 = Release|x64
		{8184BF7F-0D26-4DD8-AE43-D9D0097CC88E}.AppStore|x86.ActiveCfg = Release|x86
		{8184BF7F-0D26-4DD8-AE43-D9D0097CC88E}.AppStore|x86.Build.0 = Release|x86
		{8184BF7F-0D26-4DD8-AE43-D9D0097CC88E}.AppStore|x86.Deploy.0 = Release|x86
		{8184BF7F-0D26-4DD8-AE43-D9D0097CC88E}.Debug|Any CPU.ActiveCfg = Debug|x86
		{8184BF7F-0D26-4DD8-AE43-D9D0097CC88E}.Debug|ARM.ActiveCfg = Debug|ARM
		{8184BF7F-0D26-4DD8-AE43-D9D0097CC88E}.Debug|ARM.Build.0 = Debug|ARM
		{8184BF7F-0D26-4DD8-AE43-D9D0097CC88E}.Debug|ARM.Deploy.0 = Debug|ARM
		{8184BF7F-0D26-4DD8-AE43-D9D0097CC88E}.Debug|iPhone.ActiveCfg = Debug|x86
		{8184BF7F-0D26-4DD8-AE43-D9D0097CC88E}.Debug|iPhoneSimulator.ActiveCfg = Debug|x86
		{8184BF7F-0D26-4DD8-AE43-D9D0097CC88E}.Debug|x64.ActiveCfg = Debug|x64
		{8184BF7F-0D26-4DD8-AE43-D9D0097CC88E}.Debug|x64.Build.0 = Debug|x64
		{8184BF7F-0D26-4DD8-AE43-D9D0097CC88E}.Debug|x64.Deploy.0 = Debug|x64
		{8184BF7F-0D26-4DD8-AE43-D9D0097CC88E}.Debug|x86.ActiveCfg = Debug|x86
		{8184BF7F-0D26-4DD8-AE43-D9D0097CC88E}.Debug|x86.Build.0 = Debug|x86
		{8184BF7F-0D26-4DD8-AE43-D9D0097CC88E}.Debug|x86.Deploy.0 = Debug|x86
		{8184BF7F-0D26-4DD8-AE43-D9D0097CC88E}.Release|Any CPU.ActiveCfg = Release|x86
		{8184BF7F-0D26-4DD8-AE43-D9D0097CC88E}.Release|ARM.ActiveCfg = Release|ARM
		{8184BF7F-0D26-4DD8-AE43-D9D0097CC88E}.Release|ARM.Build.0 = Release|ARM
		{8184BF7F-0D26-4DD8-AE43-D9D0097CC88E}.Release|ARM.Deploy.0 = Release|ARM
		{8184BF7F-0D26-4DD8-AE43-D9D0097CC88E}.Release|iPhone.ActiveCfg = Release|x86
		{8184BF7F-0D26-4DD8-AE43-D9D0097CC88E}.Release|iPhoneSimulator.ActiveCfg = Release|x86
		{8184BF7F-0D26-4DD8-AE43-D9D0097CC88E}.Release|x64.ActiveCfg = Release|x64
		{8184BF7F-0D26-4DD8-AE43-D9D0097CC88E}.Release|x64.Build.0 = Release|x64
		{8184BF7F-0D26-4DD8-AE43-D9D0097CC88E}.Release|x64.Deploy.0 = Release|x64
		{8184BF7F-0D26-4DD8-AE43-D9D0097CC88E}.Release|x86.ActiveCfg = Release|x86
		{8184BF7F-0D26-4DD8-AE43-D9D0097CC88E}.Release|x86.Build.0 = Release|x86
		{8184BF7F-0D26-4DD8-AE43-D9D0097CC88E}.Release|x86.Deploy.0 = Release|x86
		{C4C7BBED-C603-4FDE-AFF1-9C49003A248B}.Ad-Hoc|Any CPU.ActiveCfg = Debug|Any CPU
		{C4C7BBED-C603-4FDE-AFF1-9C49003A248B}.Ad-Hoc|Any CPU.Build.0 = Debug|Any CPU
		{C4C7BBED-C603-4FDE-AFF1-9C49003A248B}.Ad-Hoc|ARM.ActiveCfg = Debug|Any CPU
		{C4C7BBED-C603-4FDE-AFF1-9C49003A248B}.Ad-Hoc|ARM.Build.0 = Debug|Any CPU
		{C4C7BBED-C603-4FDE-AFF1-9C49003A248B}.Ad-Hoc|iPhone.ActiveCfg = Debug|Any CPU
		{C4C7BBED-C603-4FDE-AFF1-9C49003A248B}.Ad-Hoc|iPhone.Build.0 = Debug|Any CPU
		{C4C7BBED-C603-4FDE-AFF1-9C49003A248B}.Ad-Hoc|iPhoneSimulator.ActiveCfg = Debug|Any CPU
		{C4C7BBED-C603-4FDE-AFF1-9C49003A248B}.Ad-Hoc|iPhoneSimulator.Build.0 = Debug|Any CPU
		{C4C7BBED-C603-4FDE-AFF1-9C49003A248B}.Ad-Hoc|x64.ActiveCfg = Debug|Any CPU
		{C4C7BBED-C603-4FDE-AFF1-9C49003A248B}.Ad-Hoc|x64.Build.0 = Debug|Any CPU
		{C4C7BBED-C603-4FDE-AFF1-9C49003A248B}.Ad-Hoc|x86.ActiveCfg = Debug|Any CPU
		{C4C7BBED-C603-4FDE-AFF1-9C49003A248B}.Ad-Hoc|x86.Build.0 = Debug|Any CPU
		{C4C7BBED-C603-4FDE-AFF1-9C49003A248B}.AppStore|Any CPU.ActiveCfg = Debug|Any CPU
		{C4C7BBED-C603-4FDE-AFF1-9C49003A248B}.AppStore|Any CPU.Build.0 = Debug|Any CPU
		{C4C7BBED-C603-4FDE-AFF1-9C49003A248B}.AppStore|ARM.ActiveCfg = Debug|Any CPU
		{C4C7BBED-C603-4FDE-AFF1-9C49003A248B}.AppStore|ARM.Build.0 = Debug|Any CPU
		{C4C7BBED-C603-4FDE-AFF1-9C49003A248B}.AppStore|iPhone.ActiveCfg = Debug|Any CPU
		{C4C7BBED-C603-4FDE-AFF1-9C49003A248B}.AppStore|iPhone.Build.0 = Debug|Any CPU
		{C4C7BBED-C603-4FDE-AFF1-9C49003A248B}.AppStore|iPhoneSimulator.ActiveCfg = Debug|Any CPU
		{C4C7BBED-C603-4FDE-AFF1-9C49003A248B}.AppStore|iPhoneSimulator.Build.0 = Debug|Any CPU
		{C4C7BBED-C603-4FDE-AFF1-9C49003A248B}.AppStore|x64.ActiveCfg = Debug|Any CPU
		{C4C7BBED-C603-4FDE-AFF1-9C49003A248B}.AppStore|x64.Build.0 = Debug|Any CPU
		{C4C7BBED-C603-4FDE-AFF1-9C49003A248B}.AppStore|x86.ActiveCfg = Debug|Any CPU
		{C4C7BBED-C603-4FDE-AFF1-9C49003A248B}.AppStore|x86.Build.0 = Debug|Any CPU
		{C4C7BBED-C603-4FDE-AFF1-9C49003A248B}.Debug|Any CPU.ActiveCfg = Debug|Any CPU
		{C4C7BBED-C603-4FDE-AFF1-9C49003A248B}.Debug|Any CPU.Build.0 = Debug|Any CPU
		{C4C7BBED-C603-4FDE-AFF1-9C49003A248B}.Debug|ARM.ActiveCfg = Debug|Any CPU
		{C4C7BBED-C603-4FDE-AFF1-9C49003A248B}.Debug|ARM.Build.0 = Debug|Any CPU
		{C4C7BBED-C603-4FDE-AFF1-9C49003A248B}.Debug|iPhone.ActiveCfg = Debug|Any CPU
		{C4C7BBED-C603-4FDE-AFF1-9C49003A248B}.Debug|iPhone.Build.0 = Debug|Any CPU
		{C4C7BBED-C603-4FDE-AFF1-9C49003A248B}.Debug|iPhoneSimulator.ActiveCfg = Debug|Any CPU
		{C4C7BBED-C603-4FDE-AFF1-9C49003A248B}.Debug|iPhoneSimulator.Build.0 = Debug|Any CPU
		{C4C7BBED-C603-4FDE-AFF1-9C49003A248B}.Debug|x64.ActiveCfg = Debug|Any CPU
		{C4C7BBED-C603-4FDE-AFF1-9C49003A248B}.Debug|x64.Build.0 = Debug|Any CPU
		{C4C7BBED-C603-4FDE-AFF1-9C49003A248B}.Debug|x86.ActiveCfg = Debug|Any CPU
		{C4C7BBED-C603-4FDE-AFF1-9C49003A248B}.Debug|x86.Build.0 = Debug|Any CPU
		{C4C7BBED-C603-4FDE-AFF1-9C49003A248B}.Release|Any CPU.ActiveCfg = Release|Any CPU
		{C4C7BBED-C603-4FDE-AFF1-9C49003A248B}.Release|Any CPU.Build.0 = Release|Any CPU
		{C4C7BBED-C603-4FDE-AFF1-9C49003A248B}.Release|ARM.ActiveCfg = Release|Any CPU
		{C4C7BBED-C603-4FDE-AFF1-9C49003A248B}.Release|ARM.Build.0 = Release|Any CPU
		{C4C7BBED-C603-4FDE-AFF1-9C49003A248B}.Release|iPhone.ActiveCfg = Release|Any CPU
		{C4C7BBED-C603-4FDE-AFF1-9C49003A248B}.Release|iPhone.Build.0 = Release|Any CPU
		{C4C7BBED-C603-4FDE-AFF1-9C49003A248B}.Release|iPhoneSimulator.ActiveCfg = Release|Any CPU
		{C4C7BBED-C603-4FDE-AFF1-9C49003A248B}.Release|iPhoneSimulator.Build.0 = Release|Any CPU
		{C4C7BBED-C603-4FDE-AFF1-9C49003A248B}.Release|x64.ActiveCfg = Release|Any CPU
		{C4C7BBED-C603-4FDE-AFF1-9C49003A248B}.Release|x64.Build.0 = Release|Any CPU
		{C4C7BBED-C603-4FDE-AFF1-9C49003A248B}.Release|x86.ActiveCfg = Release|Any CPU
		{C4C7BBED-C603-4FDE-AFF1-9C49003A248B}.Release|x86.Build.0 = Release|Any CPU
	EndGlobalSection
	GlobalSection(SolutionProperties) = preSolution
		HideSolutionNode = FALSE
	EndGlobalSection
	GlobalSection(NestedProjects) = preSolution
		{727171B8-EF4A-4E47-9E2D-70B3282ECDCE} = {05105152-875F-462F-8918-0155434F2288}
		{BF43BD84-3D17-4021-B2D7-1D08813FA214} = {05105152-875F-462F-8918-0155434F2288}
		{B1CAD153-57EF-4E9C-8DC6-227812DC5DEF} = {05105152-875F-462F-8918-0155434F2288}
		{7BA7EB0F-97DD-46A4-A9CF-651876DFF20B} = {05105152-875F-462F-8918-0155434F2288}
		{DBE33FA5-70BB-430C-837B-7CDB3E2A2B68} = {05105152-875F-462F-8918-0155434F2288}
		{CE1124A1-A59B-4376-AC75-D57B4C065211} = {37A9713D-819C-4F15-BCFD-977770F2BC8C}
		{3B80509E-1A2E-4593-AE6E-3B80139CC185} = {8393CD10-12CA-4E81-A126-73A389709BCB}
		{523DEAD6-565A-4131-9862-3025D6C08C2C} = {37A9713D-819C-4F15-BCFD-977770F2BC8C}
		{D8414C1B-0762-4782-AEE1-F15935F640FE} = {31FF3D2F-C183-4172-BCF7-E3FD0CCCF961}
		{4D4F1999-6E41-42EA-ADC5-E0B52EDB5CCF} = {31FF3D2F-C183-4172-BCF7-E3FD0CCCF961}
		{59603108-3491-4D8B-A490-C630E39D0576} = {31FF3D2F-C183-4172-BCF7-E3FD0CCCF961}
		{D38B2DA4-7E25-4E51-B60A-85E8FA7A3E76} = {52F9523D-EFA6-4B76-A2EC-DB106D31E628}
		{320CE670-06AA-493E-BF9F-E2B98C833C94} = {D38B2DA4-7E25-4E51-B60A-85E8FA7A3E76}
		{6A24FB0F-9874-4B37-BBCA-4EFDF1E49F1F} = {D38B2DA4-7E25-4E51-B60A-85E8FA7A3E76}
		{8184BF7F-0D26-4DD8-AE43-D9D0097CC88E} = {D38B2DA4-7E25-4E51-B60A-85E8FA7A3E76}
		{C4C7BBED-C603-4FDE-AFF1-9C49003A248B} = {D38B2DA4-7E25-4E51-B60A-85E8FA7A3E76}
	EndGlobalSection
	GlobalSection(ExtensibilityGlobals) = postSolution
		SolutionGuid = {4D1C9A75-039D-40D2-9056-0B0F3BC5E418}
	EndGlobalSection
EndGlobal
