
Microsoft Visual Studio Solution File, Format Version 12.00
# Visual Studio 15
VisualStudioVersion = 15.0.28307.136
MinimumVisualStudioVersion = 10.0.40219.1
Project("{2150E333-8FDC-42A3-9474-1A3956D46DE8}") = "01-Presentation", "01-Presentation", "{52F9523D-EFA6-4B76-A2EC-DB106D31E628}"
EndProject
Project("{2150E333-8FDC-42A3-9474-1A3956D46DE8}") = "02-Aplication", "02-Aplication", "{8393CD10-12CA-4E81-A126-73A389709BCB}"
EndProject
Project("{2150E333-8FDC-42A3-9474-1A3956D46DE8}") = "03-Service", "03-Service", "{31FF3D2F-C183-4172-BCF7-E3FD0CCCF961}"
EndProject
Project("{2150E333-8FDC-42A3-9474-1A3956D46DE8}") = "04-Domain", "04-Domain", "{05105152-875F-462F-8918-0155434F2288}"
EndProject
Project("{2150E333-8FDC-42A3-9474-1A3956D46DE8}") = "05-Infrastructure", "05-Infrastructure", "{37A9713D-819C-4F15-BCFD-977770F2BC8C}"
EndProject
Project("{FAE04EC0-301F-11D3-BF4B-00C04F79EFBC}") = "ST.Domain.Base", "ST.Domain.Base\ST.Domain.Base.csproj", "{727171B8-EF4A-4E47-9E2D-70B3282ECDCE}"
EndProject
Project("{FAE04EC0-301F-11D3-BF4B-00C04F79EFBC}") = "ST.Domain", "ST.Domain\ST.Domain.csproj", "{BF43BD84-3D17-4021-B2D7-1D08813FA214}"
EndProject
Project("{FAE04EC0-301F-11D3-BF4B-00C04F79EFBC}") = "ST.Repository.Base", "ST.Repository.Base\ST.Repository.Base.csproj", "{B1CAD153-57EF-4E9C-8DC6-227812DC5DEF}"
EndProject
Project("{FAE04EC0-301F-11D3-BF4B-00C04F79EFBC}") = "ST.Domain.Repository", "ST.Domain.Repository\ST.Domain.Repository.csproj", "{7BA7EB0F-97DD-46A4-A9CF-651876DFF20B}"
EndProject
Project("{FAE04EC0-301F-11D3-BF4B-00C04F79EFBC}") = "ST.Repository", "ST.Repository\ST.Repository.csproj", "{DBE33FA5-70BB-430C-837B-7CDB3E2A2B68}"
EndProject
Project("{FAE04EC0-301F-11D3-BF4B-00C04F79EFBC}") = "ST.Infrastructure.Context", "ST.Infrastructure.Context\ST.Infrastructure.Context.csproj", "{CE1124A1-A59B-4376-AC75-D57B4C065211}"
EndProject
Project("{FAE04EC0-301F-11D3-BF4B-00C04F79EFBC}") = "ST.Aplication.ConectionString", "ST.Aplication.ConectionString\ST.Aplication.ConectionString.csproj", "{3B80509E-1A2E-4593-AE6E-3B80139CC185}"
EndProject
Project("{FAE04EC0-301F-11D3-BF4B-00C04F79EFBC}") = "ST.Infrastructure.Repository", "ST.Infrastructure.Repository\ST.Infrastructure.Repository.csproj", "{523DEAD6-565A-4131-9862-3025D6C08C2C}"
EndProject
Project("{FAE04EC0-301F-11D3-BF4B-00C04F79EFBC}") = "ST.Service.Base", "ST.Service.Base\ST.Service.Base.csproj", "{D8414C1B-0762-4782-AEE1-F15935F640FE}"
EndProject
Project("{FAE04EC0-301F-11D3-BF4B-00C04F79EFBC}") = "ST.IService", "ST.IService\ST.IService.csproj", "{4D4F1999-6E41-42EA-ADC5-E0B52EDB5CCF}"
EndProject
Project("{FAE04EC0-301F-11D3-BF4B-00C04F79EFBC}") = "ST.Service", "ST.Service\ST.Service.csproj", "{59603108-3491-4D8B-A490-C630E39D0576}"
EndProject
Global
	GlobalSection(SolutionConfigurationPlatforms) = preSolution
		Debug|Any CPU = Debug|Any CPU
		Release|Any CPU = Release|Any CPU
	EndGlobalSection
	GlobalSection(ProjectConfigurationPlatforms) = postSolution
		{727171B8-EF4A-4E47-9E2D-70B3282ECDCE}.Debug|Any CPU.ActiveCfg = Debug|Any CPU
		{727171B8-EF4A-4E47-9E2D-70B3282ECDCE}.Debug|Any CPU.Build.0 = Debug|Any CPU
		{727171B8-EF4A-4E47-9E2D-70B3282ECDCE}.Release|Any CPU.ActiveCfg = Release|Any CPU
		{727171B8-EF4A-4E47-9E2D-70B3282ECDCE}.Release|Any CPU.Build.0 = Release|Any CPU
		{BF43BD84-3D17-4021-B2D7-1D08813FA214}.Debug|Any CPU.ActiveCfg = Debug|Any CPU
		{BF43BD84-3D17-4021-B2D7-1D08813FA214}.Debug|Any CPU.Build.0 = Debug|Any CPU
		{BF43BD84-3D17-4021-B2D7-1D08813FA214}.Release|Any CPU.ActiveCfg = Release|Any CPU
		{BF43BD84-3D17-4021-B2D7-1D08813FA214}.Release|Any CPU.Build.0 = Release|Any CPU
		{B1CAD153-57EF-4E9C-8DC6-227812DC5DEF}.Debug|Any CPU.ActiveCfg = Debug|Any CPU
		{B1CAD153-57EF-4E9C-8DC6-227812DC5DEF}.Debug|Any CPU.Build.0 = Debug|Any CPU
		{B1CAD153-57EF-4E9C-8DC6-227812DC5DEF}.Release|Any CPU.ActiveCfg = Release|Any CPU
		{B1CAD153-57EF-4E9C-8DC6-227812DC5DEF}.Release|Any CPU.Build.0 = Release|Any CPU
		{7BA7EB0F-97DD-46A4-A9CF-651876DFF20B}.Debug|Any CPU.ActiveCfg = Debug|Any CPU
		{7BA7EB0F-97DD-46A4-A9CF-651876DFF20B}.Debug|Any CPU.Build.0 = Debug|Any CPU
		{7BA7EB0F-97DD-46A4-A9CF-651876DFF20B}.Release|Any CPU.ActiveCfg = Release|Any CPU
		{7BA7EB0F-97DD-46A4-A9CF-651876DFF20B}.Release|Any CPU.Build.0 = Release|Any CPU
		{DBE33FA5-70BB-430C-837B-7CDB3E2A2B68}.Debug|Any CPU.ActiveCfg = Debug|Any CPU
		{DBE33FA5-70BB-430C-837B-7CDB3E2A2B68}.Debug|Any CPU.Build.0 = Debug|Any CPU
		{DBE33FA5-70BB-430C-837B-7CDB3E2A2B68}.Release|Any CPU.ActiveCfg = Release|Any CPU
		{DBE33FA5-70BB-430C-837B-7CDB3E2A2B68}.Release|Any CPU.Build.0 = Release|Any CPU
		{CE1124A1-A59B-4376-AC75-D57B4C065211}.Debug|Any CPU.ActiveCfg = Debug|Any CPU
		{CE1124A1-A59B-4376-AC75-D57B4C065211}.Debug|Any CPU.Build.0 = Debug|Any CPU
		{CE1124A1-A59B-4376-AC75-D57B4C065211}.Release|Any CPU.ActiveCfg = Release|Any CPU
		{CE1124A1-A59B-4376-AC75-D57B4C065211}.Release|Any CPU.Build.0 = Release|Any CPU
		{3B80509E-1A2E-4593-AE6E-3B80139CC185}.Debug|Any CPU.ActiveCfg = Debug|Any CPU
		{3B80509E-1A2E-4593-AE6E-3B80139CC185}.Debug|Any CPU.Build.0 = Debug|Any CPU
		{3B80509E-1A2E-4593-AE6E-3B80139CC185}.Release|Any CPU.ActiveCfg = Release|Any CPU
		{3B80509E-1A2E-4593-AE6E-3B80139CC185}.Release|Any CPU.Build.0 = Release|Any CPU
		{523DEAD6-565A-4131-9862-3025D6C08C2C}.Debug|Any CPU.ActiveCfg = Debug|Any CPU
		{523DEAD6-565A-4131-9862-3025D6C08C2C}.Debug|Any CPU.Build.0 = Debug|Any CPU
		{523DEAD6-565A-4131-9862-3025D6C08C2C}.Release|Any CPU.ActiveCfg = Release|Any CPU
		{523DEAD6-565A-4131-9862-3025D6C08C2C}.Release|Any CPU.Build.0 = Release|Any CPU
		{D8414C1B-0762-4782-AEE1-F15935F640FE}.Debug|Any CPU.ActiveCfg = Debug|Any CPU
		{D8414C1B-0762-4782-AEE1-F15935F640FE}.Debug|Any CPU.Build.0 = Debug|Any CPU
		{D8414C1B-0762-4782-AEE1-F15935F640FE}.Release|Any CPU.ActiveCfg = Release|Any CPU
		{D8414C1B-0762-4782-AEE1-F15935F640FE}.Release|Any CPU.Build.0 = Release|Any CPU
		{4D4F1999-6E41-42EA-ADC5-E0B52EDB5CCF}.Debug|Any CPU.ActiveCfg = Debug|Any CPU
		{4D4F1999-6E41-42EA-ADC5-E0B52EDB5CCF}.Debug|Any CPU.Build.0 = Debug|Any CPU
		{4D4F1999-6E41-42EA-ADC5-E0B52EDB5CCF}.Release|Any CPU.ActiveCfg = Release|Any CPU
		{4D4F1999-6E41-42EA-ADC5-E0B52EDB5CCF}.Release|Any CPU.Build.0 = Release|Any CPU
		{59603108-3491-4D8B-A490-C630E39D0576}.Debug|Any CPU.ActiveCfg = Debug|Any CPU
		{59603108-3491-4D8B-A490-C630E39D0576}.Debug|Any CPU.Build.0 = Debug|Any CPU
		{59603108-3491-4D8B-A490-C630E39D0576}.Release|Any CPU.ActiveCfg = Release|Any CPU
		{59603108-3491-4D8B-A490-C630E39D0576}.Release|Any CPU.Build.0 = Release|Any CPU
	EndGlobalSection
	GlobalSection(SolutionProperties) = preSolution
		HideSolutionNode = FALSE
	EndGlobalSection
	GlobalSection(NestedProjects) = preSolution
		{727171B8-EF4A-4E47-9E2D-70B3282ECDCE} = {05105152-875F-462F-8918-0155434F2288}
		{BF43BD84-3D17-4021-B2D7-1D08813FA214} = {05105152-875F-462F-8918-0155434F2288}
		{B1CAD153-57EF-4E9C-8DC6-227812DC5DEF} = {05105152-875F-462F-8918-0155434F2288}
		{7BA7EB0F-97DD-46A4-A9CF-651876DFF20B} = {05105152-875F-462F-8918-0155434F2288}
		{DBE33FA5-70BB-430C-837B-7CDB3E2A2B68} = {05105152-875F-462F-8918-0155434F2288}
		{CE1124A1-A59B-4376-AC75-D57B4C065211} = {37A9713D-819C-4F15-BCFD-977770F2BC8C}
		{3B80509E-1A2E-4593-AE6E-3B80139CC185} = {8393CD10-12CA-4E81-A126-73A389709BCB}
		{523DEAD6-565A-4131-9862-3025D6C08C2C} = {37A9713D-819C-4F15-BCFD-977770F2BC8C}
		{D8414C1B-0762-4782-AEE1-F15935F640FE} = {31FF3D2F-C183-4172-BCF7-E3FD0CCCF961}
		{4D4F1999-6E41-42EA-ADC5-E0B52EDB5CCF} = {31FF3D2F-C183-4172-BCF7-E3FD0CCCF961}
		{59603108-3491-4D8B-A490-C630E39D0576} = {31FF3D2F-C183-4172-BCF7-E3FD0CCCF961}
	EndGlobalSection
	GlobalSection(ExtensibilityGlobals) = postSolution
		SolutionGuid = {4D1C9A75-039D-40D2-9056-0B0F3BC5E418}
	EndGlobalSection
EndGlobal
